// !$*UTF8*$!
{
	archiveVersion = 1;
	classes = {
	};
	objectVersion = 50;
	objects = {

/* Begin PBXBuildFile section */
		133BCF572372D2C3F5C07752 /* Pods_MoJobTests.framework in Frameworks */ = {isa = PBXBuildFile; fileRef = 4DEFE8453F89A35D9A6E3725 /* Pods_MoJobTests.framework */; };
		A4EB7A298F04A937F35732F5 /* Pods_MoJobUITests.framework in Frameworks */ = {isa = PBXBuildFile; fileRef = 9B546BD82F37EE81306FBEE1 /* Pods_MoJobUITests.framework */; };
		BBFA9EFCC88576C5F1D1AA8D /* Pods_MoJob.framework in Frameworks */ = {isa = PBXBuildFile; fileRef = 2D682E214AB8E8C07045252E /* Pods_MoJob.framework */; };
		E800AE8422F9851700E82EBE /* QuoJobSelections.swift in Sources */ = {isa = PBXBuildFile; fileRef = E800AE8322F9851700E82EBE /* QuoJobSelections.swift */; };
		E800AE8622F9B68200E82EBE /* CoreDataHelper.swift in Sources */ = {isa = PBXBuildFile; fileRef = E800AE8522F9B68200E82EBE /* CoreDataHelper.swift */; };
		E800AE8822F9B9F400E82EBE /* Tracking.swift in Sources */ = {isa = PBXBuildFile; fileRef = E800AE8722F9B9F400E82EBE /* Tracking.swift */; };
		E800AE8A22F9C42900E82EBE /* Job.swift in Sources */ = {isa = PBXBuildFile; fileRef = E800AE8922F9C42900E82EBE /* Job.swift */; };
		E800AE8C22FA1A4100E82EBE /* GlobalTimer.swift in Sources */ = {isa = PBXBuildFile; fileRef = E800AE8B22FA1A4100E82EBE /* GlobalTimer.swift */; };
		E8138A2422525B99008DAA62 /* structs.swift in Sources */ = {isa = PBXBuildFile; fileRef = E8138A2322525B99008DAA62 /* structs.swift */; };
		E8138A2622525BBF008DAA62 /* extensions.swift in Sources */ = {isa = PBXBuildFile; fileRef = E8138A2522525BBF008DAA62 /* extensions.swift */; };
		E81DEE6222F4A13A004EF977 /* AddFavorite.swift in Sources */ = {isa = PBXBuildFile; fileRef = E81DEE6122F4A13A004EF977 /* AddFavorite.swift */; };
		E81DEE6422F4A1CD004EF977 /* AddFavorite.xib in Resources */ = {isa = PBXBuildFile; fileRef = E81DEE6322F4A1CD004EF977 /* AddFavorite.xib */; };
		E81DEE6622F4D780004EF977 /* SplitTracking.xib in Resources */ = {isa = PBXBuildFile; fileRef = E81DEE6522F4D780004EF977 /* SplitTracking.xib */; };
		E81DEE6822F4D78F004EF977 /* SplitTracking.swift in Sources */ = {isa = PBXBuildFile; fileRef = E81DEE6722F4D78F004EF977 /* SplitTracking.swift */; };
		E81DEE6A22F4DF6D004EF977 /* SplitJobItem.xib in Resources */ = {isa = PBXBuildFile; fileRef = E81DEE6922F4DF6D004EF977 /* SplitJobItem.xib */; };
		E81DEE6C22F4DF96004EF977 /* SplitJobItem.swift in Sources */ = {isa = PBXBuildFile; fileRef = E81DEE6B22F4DF96004EF977 /* SplitJobItem.swift */; };
		E81E75E923033E900071B90C /* ExportOptions.plist in Resources */ = {isa = PBXBuildFile; fileRef = E81E75E823033E900071B90C /* ExportOptions.plist */; };
		E81E75EC23034DF60071B90C /* MoJob-3.0.2.html in Resources */ = {isa = PBXBuildFile; fileRef = E81E75EB23034DF60071B90C /* MoJob-3.0.2.html */; };
		E81E75EE230351A90071B90C /* MoJob-3.0.1.html in Resources */ = {isa = PBXBuildFile; fileRef = E81E75ED230351A90071B90C /* MoJob-3.0.1.html */; };
		E8211790220E07B1003D7578 /* AppDelegate.swift in Sources */ = {isa = PBXBuildFile; fileRef = E821178F220E07B1003D7578 /* AppDelegate.swift */; };
		E8211793220E07B1003D7578 /* MoJob.xcdatamodeld in Sources */ = {isa = PBXBuildFile; fileRef = E8211791220E07B1003D7578 /* MoJob.xcdatamodeld */; };
		E8211795220E07B2003D7578 /* Assets.xcassets in Resources */ = {isa = PBXBuildFile; fileRef = E8211794220E07B2003D7578 /* Assets.xcassets */; };
		E8211798220E07B2003D7578 /* MainMenu.xib in Resources */ = {isa = PBXBuildFile; fileRef = E8211796220E07B2003D7578 /* MainMenu.xib */; };
		E82117A4220E07B2003D7578 /* MoJobTests.swift in Sources */ = {isa = PBXBuildFile; fileRef = E82117A3220E07B2003D7578 /* MoJobTests.swift */; };
		E82117AF220E07B3003D7578 /* MoJobUITests.swift in Sources */ = {isa = PBXBuildFile; fileRef = E82117AE220E07B3003D7578 /* MoJobUITests.swift */; };
		E82117BF220E0B20003D7578 /* MainWindowController.swift in Sources */ = {isa = PBXBuildFile; fileRef = E82117BE220E0B20003D7578 /* MainWindowController.swift */; };
		E82117C2220E0B71003D7578 /* MainWindowController.xib in Resources */ = {isa = PBXBuildFile; fileRef = E82117C1220E0B71003D7578 /* MainWindowController.xib */; };
		E82117C5220E0FBD003D7578 /* SplitViewController.swift in Sources */ = {isa = PBXBuildFile; fileRef = E82117C4220E0FBD003D7578 /* SplitViewController.swift */; };
		E82117CA220E1169003D7578 /* NavigationController.swift in Sources */ = {isa = PBXBuildFile; fileRef = E82117C9220E1169003D7578 /* NavigationController.swift */; };
		E82117CD220E119D003D7578 /* NavigationController.xib in Resources */ = {isa = PBXBuildFile; fileRef = E82117CC220E119D003D7578 /* NavigationController.xib */; };
		E82117D5220E1AF6003D7578 /* JobListController.swift in Sources */ = {isa = PBXBuildFile; fileRef = E82117D4220E1AF6003D7578 /* JobListController.swift */; };
		E82117D7220E1B04003D7578 /* JobListController.xib in Resources */ = {isa = PBXBuildFile; fileRef = E82117D6220E1B04003D7578 /* JobListController.xib */; };
		E82117DA220E1B7E003D7578 /* enums.swift in Sources */ = {isa = PBXBuildFile; fileRef = E82117D9220E1B7E003D7578 /* enums.swift */; };
		E82117DC220E4593003D7578 /* FavoriteItem.xib in Resources */ = {isa = PBXBuildFile; fileRef = E82117DB220E4593003D7578 /* FavoriteItem.xib */; };
		E82117DE220E470C003D7578 /* FavoriteItem.swift in Sources */ = {isa = PBXBuildFile; fileRef = E82117DD220E470C003D7578 /* FavoriteItem.swift */; };
		E8211800220F5364003D7578 /* JobItem.swift in Sources */ = {isa = PBXBuildFile; fileRef = E82117FF220F5364003D7578 /* JobItem.swift */; };
		E8211802220F5384003D7578 /* JobItem.xib in Resources */ = {isa = PBXBuildFile; fileRef = E8211801220F5384003D7578 /* JobItem.xib */; };
		E8211804220F5991003D7578 /* FilterField.swift in Sources */ = {isa = PBXBuildFile; fileRef = E8211803220F5991003D7578 /* FilterField.swift */; };
		E83447742236735900621617 /* AddButton.xib in Resources */ = {isa = PBXBuildFile; fileRef = E83447732236735900621617 /* AddButton.xib */; };
		E840F96E230402B600923A47 /* MoJob-3.0.3.html in Resources */ = {isa = PBXBuildFile; fileRef = E840F96D230402B600923A47 /* MoJob-3.0.3.html */; };
		E849396D22FDFA0700D2A4C9 /* GlobalNotification.swift in Sources */ = {isa = PBXBuildFile; fileRef = E849396C22FDFA0700D2A4C9 /* GlobalNotification.swift */; };
		E84FCE3E22FC3EA6002E41B4 /* WakeUp.xib in Resources */ = {isa = PBXBuildFile; fileRef = E84FCE3D22FC3EA6002E41B4 /* WakeUp.xib */; };
		E84FCE4022FC3ED7002E41B4 /* WakeUp.swift in Sources */ = {isa = PBXBuildFile; fileRef = E84FCE3F22FC3ED7002E41B4 /* WakeUp.swift */; };
		E850996A22F6118B00068ED8 /* MoJob.clr in Resources */ = {isa = PBXBuildFile; fileRef = E850996922F6118B00068ED8 /* MoJob.clr */; };
		E850996C22F6145700068ED8 /* ColorButton.swift in Sources */ = {isa = PBXBuildFile; fileRef = E850996B22F6145700068ED8 /* ColorButton.swift */; };
		E850997222F6FEF600068ED8 /* TrackingSplitViewController.swift in Sources */ = {isa = PBXBuildFile; fileRef = E850997122F6FEF600068ED8 /* TrackingSplitViewController.swift */; };
		E850997822F7078C00068ED8 /* SettingsViewController.swift in Sources */ = {isa = PBXBuildFile; fileRef = E850997722F7078C00068ED8 /* SettingsViewController.swift */; };
		E850997A22F708E600068ED8 /* SettingsViewController.xib in Resources */ = {isa = PBXBuildFile; fileRef = E850997922F708E600068ED8 /* SettingsViewController.xib */; };
		E850998222F7578200068ED8 /* ComboBox.swift in Sources */ = {isa = PBXBuildFile; fileRef = E850998122F7578200068ED8 /* ComboBox.swift */; };
		E863305D2245863600A8E946 /* PopUpCell.swift in Sources */ = {isa = PBXBuildFile; fileRef = E863305C2245863600A8E946 /* PopUpCell.swift */; };
		E86330602247AC1B00A8E946 /* QuoJob.swift in Sources */ = {isa = PBXBuildFile; fileRef = E863305F2247AC1B00A8E946 /* QuoJob.swift */; };
		E863306522481BED00A8E946 /* Login.xib in Resources */ = {isa = PBXBuildFile; fileRef = E863306422481BED00A8E946 /* Login.xib */; };
		E863306722481E2C00A8E946 /* Login.swift in Sources */ = {isa = PBXBuildFile; fileRef = E863306622481E2C00A8E946 /* Login.swift */; };
		E863306A2248232F00A8E946 /* Password.swift in Sources */ = {isa = PBXBuildFile; fileRef = E86330692248232F00A8E946 /* Password.swift */; };
		E8716BE8230490C600AF5BC0 /* MoJob-3.1.0.html in Resources */ = {isa = PBXBuildFile; fileRef = E8716BE7230490C600AF5BC0 /* MoJob-3.1.0.html */; };
		E8731AE5225952B1006947B0 /* constants.swift in Sources */ = {isa = PBXBuildFile; fileRef = E8731AE4225952B1006947B0 /* constants.swift */; };
		E877EC83224FCA8C002C3828 /* PopUpCellText.swift in Sources */ = {isa = PBXBuildFile; fileRef = E877EC82224FCA8C002C3828 /* PopUpCellText.swift */; };
		E895D8492221BEEB00DAAA4E /* DayTrackingsController.swift in Sources */ = {isa = PBXBuildFile; fileRef = E895D8482221BEEB00DAAA4E /* DayTrackingsController.swift */; };
		E895D84B2221BF4600DAAA4E /* DayTrackingsController.xib in Resources */ = {isa = PBXBuildFile; fileRef = E895D84A2221BF4600DAAA4E /* DayTrackingsController.xib */; };
		E895D84D2222AC0300DAAA4E /* DayTrackingControllerView.swift in Sources */ = {isa = PBXBuildFile; fileRef = E895D84C2222AC0300DAAA4E /* DayTrackingControllerView.swift */; };
		E895D8542222E00600DAAA4E /* TrackingItem.xib in Resources */ = {isa = PBXBuildFile; fileRef = E895D8532222E00600DAAA4E /* TrackingItem.xib */; };
		E895D8562222FCE000DAAA4E /* TrackingItem.swift in Sources */ = {isa = PBXBuildFile; fileRef = E895D8552222FCE000DAAA4E /* TrackingItem.swift */; };
		E8A2703A2210A7590030B61C /* CollectionItemView.swift in Sources */ = {isa = PBXBuildFile; fileRef = E8A270392210A7590030B61C /* CollectionItemView.swift */; };
		E8A2703F2210BACF0030B61C /* TrackingViewController.swift in Sources */ = {isa = PBXBuildFile; fileRef = E8A2703E2210BACF0030B61C /* TrackingViewController.swift */; };
		E8A270412210BAE80030B61C /* TrackingViewController.xib in Resources */ = {isa = PBXBuildFile; fileRef = E8A270402210BAE80030B61C /* TrackingViewController.xib */; };
		E8A270442210C3100030B61C /* TimerCount.swift in Sources */ = {isa = PBXBuildFile; fileRef = E8A270432210C3100030B61C /* TimerCount.swift */; };
		E8A270462210DC740030B61C /* NSBezierPath-cgPath.swift in Sources */ = {isa = PBXBuildFile; fileRef = E8A270452210DC740030B61C /* NSBezierPath-cgPath.swift */; };
		E8AA8CAE22F890520017698F /* HelperAppDelegate.swift in Sources */ = {isa = PBXBuildFile; fileRef = E8AA8CAD22F890520017698F /* HelperAppDelegate.swift */; };
		E8AA8CB222F890540017698F /* Assets.xcassets in Resources */ = {isa = PBXBuildFile; fileRef = E8AA8CB122F890540017698F /* Assets.xcassets */; };
		E8AA8CB522F890540017698F /* Main.storyboard in Resources */ = {isa = PBXBuildFile; fileRef = E8AA8CB322F890540017698F /* Main.storyboard */; };
		E8AA8CBC22F891790017698F /* AutoLaunchHelper.app in CopyFiles */ = {isa = PBXBuildFile; fileRef = E8AA8CAB22F890520017698F /* AutoLaunchHelper.app */; settings = {ATTRIBUTES = (RemoveHeadersOnCopy, ); }; };
		E8CACC782211DE6300675688 /* functions.swift in Sources */ = {isa = PBXBuildFile; fileRef = E8CACC772211DE6300675688 /* functions.swift */; };
		E8D35A1222FF54C50014AFE4 /* DeleteTrackingPolicy.swift in Sources */ = {isa = PBXBuildFile; fileRef = E8D35A1122FF54C50014AFE4 /* DeleteTrackingPolicy.swift */; };
		E8D35A1622FF56B90014AFE4 /* Model_MoJob_002.xcmappingmodel in Sources */ = {isa = PBXBuildFile; fileRef = E8D35A1522FF56B90014AFE4 /* Model_MoJob_002.xcmappingmodel */; };
		E8D35A1C22FF5B0C0014AFE4 /* CalendarController.xib in Resources */ = {isa = PBXBuildFile; fileRef = E8D35A1B22FF5B0C0014AFE4 /* CalendarController.xib */; };
		E8D35A1E22FF5B3B0014AFE4 /* CalendarController.swift in Sources */ = {isa = PBXBuildFile; fileRef = E8D35A1D22FF5B3B0014AFE4 /* CalendarController.swift */; };
		E8D35A2022FF6AC80014AFE4 /* CalendarDay.swift in Sources */ = {isa = PBXBuildFile; fileRef = E8D35A1F22FF6AC80014AFE4 /* CalendarDay.swift */; };
		E8D35A2222FF6BA20014AFE4 /* CalendarDay.xib in Resources */ = {isa = PBXBuildFile; fileRef = E8D35A2122FF6BA20014AFE4 /* CalendarDay.xib */; };
		E8D35A2422FF86070014AFE4 /* CalendarSplitViewController.swift in Sources */ = {isa = PBXBuildFile; fileRef = E8D35A2322FF86070014AFE4 /* CalendarSplitViewController.swift */; };
		E8D35A2622FF87480014AFE4 /* CalendarWeek.xib in Resources */ = {isa = PBXBuildFile; fileRef = E8D35A2522FF87480014AFE4 /* CalendarWeek.xib */; };
		E8D35A2C22FFA0130014AFE4 /* CalendarWeek.swift in Sources */ = {isa = PBXBuildFile; fileRef = E8D35A2B22FFA0130014AFE4 /* CalendarWeek.swift */; };
		E8D35A2E22FFCBFB0014AFE4 /* CalendarGridView.swift in Sources */ = {isa = PBXBuildFile; fileRef = E8D35A2D22FFCBFB0014AFE4 /* CalendarGridView.swift */; };
		E8D35A302300487E0014AFE4 /* GradientCircle.swift in Sources */ = {isa = PBXBuildFile; fileRef = E8D35A2F2300487E0014AFE4 /* GradientCircle.swift */; };
		E8D35A3223008B0D0014AFE4 /* EditorSplitViewController.swift in Sources */ = {isa = PBXBuildFile; fileRef = E8D35A3123008B0D0014AFE4 /* EditorSplitViewController.swift */; };
		E8D35A34230097A30014AFE4 /* ActiveIndicator.swift in Sources */ = {isa = PBXBuildFile; fileRef = E8D35A33230097A30014AFE4 /* ActiveIndicator.swift */; };
		E8E950892232C09F0070F57E /* EditorController.swift in Sources */ = {isa = PBXBuildFile; fileRef = E8E950882232C09F0070F57E /* EditorController.swift */; };
		E8E9508B2232C0AF0070F57E /* EditorController.xib in Resources */ = {isa = PBXBuildFile; fileRef = E8E9508A2232C0AF0070F57E /* EditorController.xib */; };
		E8E9508F2232D62A0070F57E /* TextField.swift in Sources */ = {isa = PBXBuildFile; fileRef = E8E9508E2232D62A0070F57E /* TextField.swift */; };
		E8E9509D223482940070F57E /* AddButton.swift in Sources */ = {isa = PBXBuildFile; fileRef = E8E9509C223482940070F57E /* AddButton.swift */; };
		E8E9509F223526DB0070F57E /* TrackingsStackView.swift in Sources */ = {isa = PBXBuildFile; fileRef = E8E9509E223526DB0070F57E /* TrackingsStackView.swift */; };
		E8E950A2223591910070F57E /* NumberField.swift in Sources */ = {isa = PBXBuildFile; fileRef = E8E950A1223591910070F57E /* NumberField.swift */; };
/* End PBXBuildFile section */

/* Begin PBXContainerItemProxy section */
		E82117A0220E07B2003D7578 /* PBXContainerItemProxy */ = {
			isa = PBXContainerItemProxy;
			containerPortal = E8211784220E07B1003D7578 /* Project object */;
			proxyType = 1;
			remoteGlobalIDString = E821178B220E07B1003D7578;
			remoteInfo = MoJob;
		};
		E82117AB220E07B3003D7578 /* PBXContainerItemProxy */ = {
			isa = PBXContainerItemProxy;
			containerPortal = E8211784220E07B1003D7578 /* Project object */;
			proxyType = 1;
			remoteGlobalIDString = E821178B220E07B1003D7578;
			remoteInfo = MoJob;
		};
/* End PBXContainerItemProxy section */

/* Begin PBXCopyFilesBuildPhase section */
		E8AA8CBB22F891660017698F /* CopyFiles */ = {
			isa = PBXCopyFilesBuildPhase;
			buildActionMask = 2147483647;
			dstPath = Contents/Library/LoginItems;
			dstSubfolderSpec = 1;
			files = (
				E8AA8CBC22F891790017698F /* AutoLaunchHelper.app in CopyFiles */,
			);
			runOnlyForDeploymentPostprocessing = 0;
		};
/* End PBXCopyFilesBuildPhase section */

/* Begin PBXFileReference section */
		094DA011DFDF8D35D98D439B /* Pods-MoJobTests.release.xcconfig */ = {isa = PBXFileReference; includeInIndex = 1; lastKnownFileType = text.xcconfig; name = "Pods-MoJobTests.release.xcconfig"; path = "Target Support Files/Pods-MoJobTests/Pods-MoJobTests.release.xcconfig"; sourceTree = "<group>"; };
		160E1E44B826B5C303BE90F7 /* Pods-MoJob.release.xcconfig */ = {isa = PBXFileReference; includeInIndex = 1; lastKnownFileType = text.xcconfig; name = "Pods-MoJob.release.xcconfig"; path = "Target Support Files/Pods-MoJob/Pods-MoJob.release.xcconfig"; sourceTree = "<group>"; };
		2627229A5BFC850C21B31561 /* Pods-MoJobUITests.debug.xcconfig */ = {isa = PBXFileReference; includeInIndex = 1; lastKnownFileType = text.xcconfig; name = "Pods-MoJobUITests.debug.xcconfig"; path = "Target Support Files/Pods-MoJobUITests/Pods-MoJobUITests.debug.xcconfig"; sourceTree = "<group>"; };
		2D682E214AB8E8C07045252E /* Pods_MoJob.framework */ = {isa = PBXFileReference; explicitFileType = wrapper.framework; includeInIndex = 0; path = Pods_MoJob.framework; sourceTree = BUILT_PRODUCTS_DIR; };
		4005EFA326A0EA4C79840F4B /* Pods-MoJobUITests.release.xcconfig */ = {isa = PBXFileReference; includeInIndex = 1; lastKnownFileType = text.xcconfig; name = "Pods-MoJobUITests.release.xcconfig"; path = "Target Support Files/Pods-MoJobUITests/Pods-MoJobUITests.release.xcconfig"; sourceTree = "<group>"; };
		4DEFE8453F89A35D9A6E3725 /* Pods_MoJobTests.framework */ = {isa = PBXFileReference; explicitFileType = wrapper.framework; includeInIndex = 0; path = Pods_MoJobTests.framework; sourceTree = BUILT_PRODUCTS_DIR; };
		769C502492876FC60854FE3F /* Pods-MoJobTests.debug.xcconfig */ = {isa = PBXFileReference; includeInIndex = 1; lastKnownFileType = text.xcconfig; name = "Pods-MoJobTests.debug.xcconfig"; path = "Target Support Files/Pods-MoJobTests/Pods-MoJobTests.debug.xcconfig"; sourceTree = "<group>"; };
		7847464B34327E7A7CA03419 /* Pods-MoJob.debug.xcconfig */ = {isa = PBXFileReference; includeInIndex = 1; lastKnownFileType = text.xcconfig; name = "Pods-MoJob.debug.xcconfig"; path = "Target Support Files/Pods-MoJob/Pods-MoJob.debug.xcconfig"; sourceTree = "<group>"; };
		9B546BD82F37EE81306FBEE1 /* Pods_MoJobUITests.framework */ = {isa = PBXFileReference; explicitFileType = wrapper.framework; includeInIndex = 0; path = Pods_MoJobUITests.framework; sourceTree = BUILT_PRODUCTS_DIR; };
		E800AE8322F9851700E82EBE /* QuoJobSelections.swift */ = {isa = PBXFileReference; lastKnownFileType = sourcecode.swift; path = QuoJobSelections.swift; sourceTree = "<group>"; };
		E800AE8522F9B68200E82EBE /* CoreDataHelper.swift */ = {isa = PBXFileReference; lastKnownFileType = sourcecode.swift; path = CoreDataHelper.swift; sourceTree = "<group>"; };
		E800AE8722F9B9F400E82EBE /* Tracking.swift */ = {isa = PBXFileReference; lastKnownFileType = sourcecode.swift; path = Tracking.swift; sourceTree = "<group>"; };
		E800AE8922F9C42900E82EBE /* Job.swift */ = {isa = PBXFileReference; lastKnownFileType = sourcecode.swift; path = Job.swift; sourceTree = "<group>"; };
		E800AE8B22FA1A4100E82EBE /* GlobalTimer.swift */ = {isa = PBXFileReference; lastKnownFileType = sourcecode.swift; path = GlobalTimer.swift; sourceTree = "<group>"; };
		E8138A2322525B99008DAA62 /* structs.swift */ = {isa = PBXFileReference; lastKnownFileType = sourcecode.swift; path = structs.swift; sourceTree = "<group>"; };
		E8138A2522525BBF008DAA62 /* extensions.swift */ = {isa = PBXFileReference; lastKnownFileType = sourcecode.swift; path = extensions.swift; sourceTree = "<group>"; };
		E81DEE6122F4A13A004EF977 /* AddFavorite.swift */ = {isa = PBXFileReference; lastKnownFileType = sourcecode.swift; path = AddFavorite.swift; sourceTree = "<group>"; };
		E81DEE6322F4A1CD004EF977 /* AddFavorite.xib */ = {isa = PBXFileReference; lastKnownFileType = file.xib; path = AddFavorite.xib; sourceTree = "<group>"; };
		E81DEE6522F4D780004EF977 /* SplitTracking.xib */ = {isa = PBXFileReference; lastKnownFileType = file.xib; path = SplitTracking.xib; sourceTree = "<group>"; };
		E81DEE6722F4D78F004EF977 /* SplitTracking.swift */ = {isa = PBXFileReference; lastKnownFileType = sourcecode.swift; path = SplitTracking.swift; sourceTree = "<group>"; };
		E81DEE6922F4DF6D004EF977 /* SplitJobItem.xib */ = {isa = PBXFileReference; lastKnownFileType = file.xib; path = SplitJobItem.xib; sourceTree = "<group>"; };
		E81DEE6B22F4DF96004EF977 /* SplitJobItem.swift */ = {isa = PBXFileReference; lastKnownFileType = sourcecode.swift; path = SplitJobItem.swift; sourceTree = "<group>"; };
		E81E75E823033E900071B90C /* ExportOptions.plist */ = {isa = PBXFileReference; lastKnownFileType = text.plist.xml; path = ExportOptions.plist; sourceTree = "<group>"; };
		E81E75EB23034DF60071B90C /* MoJob-3.0.2.html */ = {isa = PBXFileReference; lastKnownFileType = text.html; path = "MoJob-3.0.2.html"; sourceTree = "<group>"; };
		E81E75ED230351A90071B90C /* MoJob-3.0.1.html */ = {isa = PBXFileReference; lastKnownFileType = text.html; path = "MoJob-3.0.1.html"; sourceTree = "<group>"; };
		E821178C220E07B1003D7578 /* MoJob.app */ = {isa = PBXFileReference; explicitFileType = wrapper.application; includeInIndex = 0; path = MoJob.app; sourceTree = BUILT_PRODUCTS_DIR; };
		E821178F220E07B1003D7578 /* AppDelegate.swift */ = {isa = PBXFileReference; lastKnownFileType = sourcecode.swift; path = AppDelegate.swift; sourceTree = "<group>"; };
		E8211792220E07B1003D7578 /* MoJob.xcdatamodel */ = {isa = PBXFileReference; lastKnownFileType = wrapper.xcdatamodel; path = MoJob.xcdatamodel; sourceTree = "<group>"; };
		E8211794220E07B2003D7578 /* Assets.xcassets */ = {isa = PBXFileReference; lastKnownFileType = folder.assetcatalog; path = Assets.xcassets; sourceTree = "<group>"; };
		E8211797220E07B2003D7578 /* Base */ = {isa = PBXFileReference; lastKnownFileType = file.xib; name = Base; path = Base.lproj/MainMenu.xib; sourceTree = "<group>"; };
		E8211799220E07B2003D7578 /* Info.plist */ = {isa = PBXFileReference; lastKnownFileType = text.plist.xml; path = Info.plist; sourceTree = "<group>"; };
		E821179A220E07B2003D7578 /* MoJob.entitlements */ = {isa = PBXFileReference; lastKnownFileType = text.plist.entitlements; path = MoJob.entitlements; sourceTree = "<group>"; };
		E821179F220E07B2003D7578 /* MoJobTests.xctest */ = {isa = PBXFileReference; explicitFileType = wrapper.cfbundle; includeInIndex = 0; path = MoJobTests.xctest; sourceTree = BUILT_PRODUCTS_DIR; };
		E82117A3220E07B2003D7578 /* MoJobTests.swift */ = {isa = PBXFileReference; lastKnownFileType = sourcecode.swift; path = MoJobTests.swift; sourceTree = "<group>"; };
		E82117A5220E07B2003D7578 /* Info.plist */ = {isa = PBXFileReference; lastKnownFileType = text.plist.xml; path = Info.plist; sourceTree = "<group>"; };
		E82117AA220E07B3003D7578 /* MoJobUITests.xctest */ = {isa = PBXFileReference; explicitFileType = wrapper.cfbundle; includeInIndex = 0; path = MoJobUITests.xctest; sourceTree = BUILT_PRODUCTS_DIR; };
		E82117AE220E07B3003D7578 /* MoJobUITests.swift */ = {isa = PBXFileReference; lastKnownFileType = sourcecode.swift; path = MoJobUITests.swift; sourceTree = "<group>"; };
		E82117B0220E07B3003D7578 /* Info.plist */ = {isa = PBXFileReference; lastKnownFileType = text.plist.xml; path = Info.plist; sourceTree = "<group>"; };
		E82117BE220E0B20003D7578 /* MainWindowController.swift */ = {isa = PBXFileReference; lastKnownFileType = sourcecode.swift; path = MainWindowController.swift; sourceTree = "<group>"; };
		E82117C1220E0B71003D7578 /* MainWindowController.xib */ = {isa = PBXFileReference; lastKnownFileType = file.xib; path = MainWindowController.xib; sourceTree = "<group>"; };
		E82117C4220E0FBD003D7578 /* SplitViewController.swift */ = {isa = PBXFileReference; lastKnownFileType = sourcecode.swift; path = SplitViewController.swift; sourceTree = "<group>"; };
		E82117C9220E1169003D7578 /* NavigationController.swift */ = {isa = PBXFileReference; lastKnownFileType = sourcecode.swift; path = NavigationController.swift; sourceTree = "<group>"; };
		E82117CC220E119D003D7578 /* NavigationController.xib */ = {isa = PBXFileReference; lastKnownFileType = file.xib; path = NavigationController.xib; sourceTree = "<group>"; };
		E82117D4220E1AF6003D7578 /* JobListController.swift */ = {isa = PBXFileReference; lastKnownFileType = sourcecode.swift; path = JobListController.swift; sourceTree = "<group>"; };
		E82117D6220E1B04003D7578 /* JobListController.xib */ = {isa = PBXFileReference; lastKnownFileType = file.xib; path = JobListController.xib; sourceTree = "<group>"; };
		E82117D9220E1B7E003D7578 /* enums.swift */ = {isa = PBXFileReference; lastKnownFileType = sourcecode.swift; path = enums.swift; sourceTree = "<group>"; };
		E82117DB220E4593003D7578 /* FavoriteItem.xib */ = {isa = PBXFileReference; lastKnownFileType = file.xib; path = FavoriteItem.xib; sourceTree = "<group>"; };
		E82117DD220E470C003D7578 /* FavoriteItem.swift */ = {isa = PBXFileReference; lastKnownFileType = sourcecode.swift; path = FavoriteItem.swift; sourceTree = "<group>"; };
		E82117FF220F5364003D7578 /* JobItem.swift */ = {isa = PBXFileReference; lastKnownFileType = sourcecode.swift; path = JobItem.swift; sourceTree = "<group>"; };
		E8211801220F5384003D7578 /* JobItem.xib */ = {isa = PBXFileReference; lastKnownFileType = file.xib; path = JobItem.xib; sourceTree = "<group>"; };
		E8211803220F5991003D7578 /* FilterField.swift */ = {isa = PBXFileReference; lastKnownFileType = sourcecode.swift; path = FilterField.swift; sourceTree = "<group>"; };
		E82B2E6D224C1AF6001CCAC8 /* Mojob-Bridging-Header.h */ = {isa = PBXFileReference; lastKnownFileType = sourcecode.c.h; path = "Mojob-Bridging-Header.h"; sourceTree = "<group>"; };
		E83447732236735900621617 /* AddButton.xib */ = {isa = PBXFileReference; lastKnownFileType = file.xib; path = AddButton.xib; sourceTree = "<group>"; };
		E840F96D230402B600923A47 /* MoJob-3.0.3.html */ = {isa = PBXFileReference; lastKnownFileType = text.html; path = "MoJob-3.0.3.html"; sourceTree = "<group>"; };
		E849396C22FDFA0700D2A4C9 /* GlobalNotification.swift */ = {isa = PBXFileReference; lastKnownFileType = sourcecode.swift; path = GlobalNotification.swift; sourceTree = "<group>"; };
		E84FCE3D22FC3EA6002E41B4 /* WakeUp.xib */ = {isa = PBXFileReference; lastKnownFileType = file.xib; path = WakeUp.xib; sourceTree = "<group>"; };
		E84FCE3F22FC3ED7002E41B4 /* WakeUp.swift */ = {isa = PBXFileReference; lastKnownFileType = sourcecode.swift; path = WakeUp.swift; sourceTree = "<group>"; };
		E850996922F6118B00068ED8 /* MoJob.clr */ = {isa = PBXFileReference; lastKnownFileType = file.bplist; path = MoJob.clr; sourceTree = "<group>"; };
		E850996B22F6145700068ED8 /* ColorButton.swift */ = {isa = PBXFileReference; lastKnownFileType = sourcecode.swift; path = ColorButton.swift; sourceTree = "<group>"; };
		E850997122F6FEF600068ED8 /* TrackingSplitViewController.swift */ = {isa = PBXFileReference; lastKnownFileType = sourcecode.swift; path = TrackingSplitViewController.swift; sourceTree = "<group>"; };
		E850997722F7078C00068ED8 /* SettingsViewController.swift */ = {isa = PBXFileReference; lastKnownFileType = sourcecode.swift; path = SettingsViewController.swift; sourceTree = "<group>"; };
		E850997922F708E600068ED8 /* SettingsViewController.xib */ = {isa = PBXFileReference; lastKnownFileType = file.xib; path = SettingsViewController.xib; sourceTree = "<group>"; };
		E850998122F7578200068ED8 /* ComboBox.swift */ = {isa = PBXFileReference; lastKnownFileType = sourcecode.swift; path = ComboBox.swift; sourceTree = "<group>"; };
		E863305C2245863600A8E946 /* PopUpCell.swift */ = {isa = PBXFileReference; lastKnownFileType = sourcecode.swift; path = PopUpCell.swift; sourceTree = "<group>"; };
		E863305F2247AC1B00A8E946 /* QuoJob.swift */ = {isa = PBXFileReference; lastKnownFileType = sourcecode.swift; path = QuoJob.swift; sourceTree = "<group>"; };
		E863306422481BED00A8E946 /* Login.xib */ = {isa = PBXFileReference; lastKnownFileType = file.xib; path = Login.xib; sourceTree = "<group>"; };
		E863306622481E2C00A8E946 /* Login.swift */ = {isa = PBXFileReference; lastKnownFileType = sourcecode.swift; path = Login.swift; sourceTree = "<group>"; };
		E86330692248232F00A8E946 /* Password.swift */ = {isa = PBXFileReference; lastKnownFileType = sourcecode.swift; path = Password.swift; sourceTree = "<group>"; };
		E8716BE7230490C600AF5BC0 /* MoJob-3.1.0.html */ = {isa = PBXFileReference; lastKnownFileType = text.html; path = "MoJob-3.1.0.html"; sourceTree = "<group>"; };
		E8726A1122FCC2C500066BEE /* Security.framework */ = {isa = PBXFileReference; lastKnownFileType = wrapper.framework; name = Security.framework; path = System/Library/Frameworks/Security.framework; sourceTree = SDKROOT; };
		E8731AE4225952B1006947B0 /* constants.swift */ = {isa = PBXFileReference; lastKnownFileType = sourcecode.swift; path = constants.swift; sourceTree = "<group>"; };
		E877EC82224FCA8C002C3828 /* PopUpCellText.swift */ = {isa = PBXFileReference; lastKnownFileType = sourcecode.swift; path = PopUpCellText.swift; sourceTree = "<group>"; };
		E895D8482221BEEB00DAAA4E /* DayTrackingsController.swift */ = {isa = PBXFileReference; lastKnownFileType = sourcecode.swift; name = DayTrackingsController.swift; path = MoJob/modules/dayTrackings/controller/DayTrackingsController.swift; sourceTree = SOURCE_ROOT; };
		E895D84A2221BF4600DAAA4E /* DayTrackingsController.xib */ = {isa = PBXFileReference; lastKnownFileType = file.xib; path = DayTrackingsController.xib; sourceTree = "<group>"; };
		E895D84C2222AC0300DAAA4E /* DayTrackingControllerView.swift */ = {isa = PBXFileReference; lastKnownFileType = sourcecode.swift; path = DayTrackingControllerView.swift; sourceTree = "<group>"; };
		E895D8532222E00600DAAA4E /* TrackingItem.xib */ = {isa = PBXFileReference; lastKnownFileType = file.xib; path = TrackingItem.xib; sourceTree = "<group>"; };
		E895D8552222FCE000DAAA4E /* TrackingItem.swift */ = {isa = PBXFileReference; lastKnownFileType = sourcecode.swift; path = TrackingItem.swift; sourceTree = "<group>"; };
		E8A270392210A7590030B61C /* CollectionItemView.swift */ = {isa = PBXFileReference; lastKnownFileType = sourcecode.swift; path = CollectionItemView.swift; sourceTree = "<group>"; };
		E8A2703E2210BACF0030B61C /* TrackingViewController.swift */ = {isa = PBXFileReference; lastKnownFileType = sourcecode.swift; path = TrackingViewController.swift; sourceTree = "<group>"; };
		E8A270402210BAE80030B61C /* TrackingViewController.xib */ = {isa = PBXFileReference; lastKnownFileType = file.xib; path = TrackingViewController.xib; sourceTree = "<group>"; };
		E8A270432210C3100030B61C /* TimerCount.swift */ = {isa = PBXFileReference; lastKnownFileType = sourcecode.swift; path = TimerCount.swift; sourceTree = "<group>"; };
		E8A270452210DC740030B61C /* NSBezierPath-cgPath.swift */ = {isa = PBXFileReference; lastKnownFileType = sourcecode.swift; path = "NSBezierPath-cgPath.swift"; sourceTree = "<group>"; };
		E8AA8CAB22F890520017698F /* AutoLaunchHelper.app */ = {isa = PBXFileReference; explicitFileType = wrapper.application; includeInIndex = 0; path = AutoLaunchHelper.app; sourceTree = BUILT_PRODUCTS_DIR; };
		E8AA8CAD22F890520017698F /* HelperAppDelegate.swift */ = {isa = PBXFileReference; lastKnownFileType = sourcecode.swift; path = HelperAppDelegate.swift; sourceTree = "<group>"; };
		E8AA8CB122F890540017698F /* Assets.xcassets */ = {isa = PBXFileReference; lastKnownFileType = folder.assetcatalog; path = Assets.xcassets; sourceTree = "<group>"; };
		E8AA8CB422F890540017698F /* Base */ = {isa = PBXFileReference; lastKnownFileType = file.storyboard; name = Base; path = Base.lproj/Main.storyboard; sourceTree = "<group>"; };
		E8AA8CB622F890540017698F /* Info.plist */ = {isa = PBXFileReference; lastKnownFileType = text.plist.xml; path = Info.plist; sourceTree = "<group>"; };
		E8AA8CB722F890540017698F /* AutoLaunchHelper.entitlements */ = {isa = PBXFileReference; lastKnownFileType = text.plist.entitlements; path = AutoLaunchHelper.entitlements; sourceTree = "<group>"; };
		E8CACC772211DE6300675688 /* functions.swift */ = {isa = PBXFileReference; lastKnownFileType = sourcecode.swift; path = functions.swift; sourceTree = "<group>"; };
		E8D35A0F22FF530F0014AFE4 /* MoJob_002.xcdatamodel */ = {isa = PBXFileReference; lastKnownFileType = wrapper.xcdatamodel; path = MoJob_002.xcdatamodel; sourceTree = "<group>"; };
		E8D35A1122FF54C50014AFE4 /* DeleteTrackingPolicy.swift */ = {isa = PBXFileReference; lastKnownFileType = sourcecode.swift; path = DeleteTrackingPolicy.swift; sourceTree = "<group>"; };
		E8D35A1522FF56B90014AFE4 /* Model_MoJob_002.xcmappingmodel */ = {isa = PBXFileReference; lastKnownFileType = wrapper.xcmappingmodel; path = Model_MoJob_002.xcmappingmodel; sourceTree = "<group>"; };
		E8D35A1B22FF5B0C0014AFE4 /* CalendarController.xib */ = {isa = PBXFileReference; lastKnownFileType = file.xib; path = CalendarController.xib; sourceTree = "<group>"; };
		E8D35A1D22FF5B3B0014AFE4 /* CalendarController.swift */ = {isa = PBXFileReference; lastKnownFileType = sourcecode.swift; path = CalendarController.swift; sourceTree = "<group>"; };
		E8D35A1F22FF6AC80014AFE4 /* CalendarDay.swift */ = {isa = PBXFileReference; lastKnownFileType = sourcecode.swift; path = CalendarDay.swift; sourceTree = "<group>"; };
		E8D35A2122FF6BA20014AFE4 /* CalendarDay.xib */ = {isa = PBXFileReference; lastKnownFileType = file.xib; path = CalendarDay.xib; sourceTree = "<group>"; };
		E8D35A2322FF86070014AFE4 /* CalendarSplitViewController.swift */ = {isa = PBXFileReference; lastKnownFileType = sourcecode.swift; path = CalendarSplitViewController.swift; sourceTree = "<group>"; };
		E8D35A2522FF87480014AFE4 /* CalendarWeek.xib */ = {isa = PBXFileReference; lastKnownFileType = file.xib; path = CalendarWeek.xib; sourceTree = "<group>"; };
		E8D35A2B22FFA0130014AFE4 /* CalendarWeek.swift */ = {isa = PBXFileReference; lastKnownFileType = sourcecode.swift; path = CalendarWeek.swift; sourceTree = "<group>"; };
		E8D35A2D22FFCBFB0014AFE4 /* CalendarGridView.swift */ = {isa = PBXFileReference; lastKnownFileType = sourcecode.swift; path = CalendarGridView.swift; sourceTree = "<group>"; };
		E8D35A2F2300487E0014AFE4 /* GradientCircle.swift */ = {isa = PBXFileReference; lastKnownFileType = sourcecode.swift; path = GradientCircle.swift; sourceTree = "<group>"; };
		E8D35A3123008B0D0014AFE4 /* EditorSplitViewController.swift */ = {isa = PBXFileReference; lastKnownFileType = sourcecode.swift; path = EditorSplitViewController.swift; sourceTree = "<group>"; };
		E8D35A33230097A30014AFE4 /* ActiveIndicator.swift */ = {isa = PBXFileReference; lastKnownFileType = sourcecode.swift; path = ActiveIndicator.swift; sourceTree = "<group>"; };
		E8E950882232C09F0070F57E /* EditorController.swift */ = {isa = PBXFileReference; lastKnownFileType = sourcecode.swift; path = EditorController.swift; sourceTree = "<group>"; };
		E8E9508A2232C0AF0070F57E /* EditorController.xib */ = {isa = PBXFileReference; lastKnownFileType = file.xib; path = EditorController.xib; sourceTree = "<group>"; };
		E8E9508E2232D62A0070F57E /* TextField.swift */ = {isa = PBXFileReference; lastKnownFileType = sourcecode.swift; path = TextField.swift; sourceTree = "<group>"; };
		E8E9509C223482940070F57E /* AddButton.swift */ = {isa = PBXFileReference; lastKnownFileType = sourcecode.swift; path = AddButton.swift; sourceTree = "<group>"; };
		E8E9509E223526DB0070F57E /* TrackingsStackView.swift */ = {isa = PBXFileReference; lastKnownFileType = sourcecode.swift; path = TrackingsStackView.swift; sourceTree = "<group>"; };
		E8E950A1223591910070F57E /* NumberField.swift */ = {isa = PBXFileReference; lastKnownFileType = sourcecode.swift; path = NumberField.swift; sourceTree = "<group>"; };
/* End PBXFileReference section */

/* Begin PBXFrameworksBuildPhase section */
		E8211789220E07B1003D7578 /* Frameworks */ = {
			isa = PBXFrameworksBuildPhase;
			buildActionMask = 2147483647;
			files = (
				BBFA9EFCC88576C5F1D1AA8D /* Pods_MoJob.framework in Frameworks */,
			);
			runOnlyForDeploymentPostprocessing = 0;
		};
		E821179C220E07B2003D7578 /* Frameworks */ = {
			isa = PBXFrameworksBuildPhase;
			buildActionMask = 2147483647;
			files = (
				133BCF572372D2C3F5C07752 /* Pods_MoJobTests.framework in Frameworks */,
			);
			runOnlyForDeploymentPostprocessing = 0;
		};
		E82117A7220E07B3003D7578 /* Frameworks */ = {
			isa = PBXFrameworksBuildPhase;
			buildActionMask = 2147483647;
			files = (
				A4EB7A298F04A937F35732F5 /* Pods_MoJobUITests.framework in Frameworks */,
			);
			runOnlyForDeploymentPostprocessing = 0;
		};
		E8AA8CA822F890520017698F /* Frameworks */ = {
			isa = PBXFrameworksBuildPhase;
			buildActionMask = 2147483647;
			files = (
			);
			runOnlyForDeploymentPostprocessing = 0;
		};
/* End PBXFrameworksBuildPhase section */

/* Begin PBXGroup section */
		6E162B655EF2BB420D7E68F1 /* Pods */ = {
			isa = PBXGroup;
			children = (
				7847464B34327E7A7CA03419 /* Pods-MoJob.debug.xcconfig */,
				160E1E44B826B5C303BE90F7 /* Pods-MoJob.release.xcconfig */,
				769C502492876FC60854FE3F /* Pods-MoJobTests.debug.xcconfig */,
				094DA011DFDF8D35D98D439B /* Pods-MoJobTests.release.xcconfig */,
				2627229A5BFC850C21B31561 /* Pods-MoJobUITests.debug.xcconfig */,
				4005EFA326A0EA4C79840F4B /* Pods-MoJobUITests.release.xcconfig */,
			);
			path = Pods;
			sourceTree = "<group>";
		};
		83B674A85D82A77D9B0D008A /* Frameworks */ = {
			isa = PBXGroup;
			children = (
				E8726A1122FCC2C500066BEE /* Security.framework */,
				2D682E214AB8E8C07045252E /* Pods_MoJob.framework */,
				4DEFE8453F89A35D9A6E3725 /* Pods_MoJobTests.framework */,
				9B546BD82F37EE81306FBEE1 /* Pods_MoJobUITests.framework */,
			);
			name = Frameworks;
			sourceTree = "<group>";
		};
		E800AE8222F984EF00E82EBE /* controller */ = {
			isa = PBXGroup;
			children = (
				E800AE8322F9851700E82EBE /* QuoJobSelections.swift */,
			);
			path = controller;
			sourceTree = "<group>";
		};
		E81E75EA23034DA60071B90C /* release-notes */ = {
			isa = PBXGroup;
			children = (
				E81E75ED230351A90071B90C /* MoJob-3.0.1.html */,
				E81E75EB23034DF60071B90C /* MoJob-3.0.2.html */,
				E840F96D230402B600923A47 /* MoJob-3.0.3.html */,
				E8716BE7230490C600AF5BC0 /* MoJob-3.1.0.html */,
			);
			path = "release-notes";
			sourceTree = "<group>";
		};
		E8211783220E07B1003D7578 = {
			isa = PBXGroup;
			children = (
				E821178E220E07B1003D7578 /* MoJob */,
				E82117A2220E07B2003D7578 /* MoJobTests */,
				E82117AD220E07B3003D7578 /* MoJobUITests */,
				E8AA8CAC22F890520017698F /* AutoLaunchHelper */,
				E821178D220E07B1003D7578 /* Products */,
				6E162B655EF2BB420D7E68F1 /* Pods */,
				83B674A85D82A77D9B0D008A /* Frameworks */,
			);
			sourceTree = "<group>";
			tabWidth = 4;
		};
		E821178D220E07B1003D7578 /* Products */ = {
			isa = PBXGroup;
			children = (
				E821178C220E07B1003D7578 /* MoJob.app */,
				E821179F220E07B2003D7578 /* MoJobTests.xctest */,
				E82117AA220E07B3003D7578 /* MoJobUITests.xctest */,
				E8AA8CAB22F890520017698F /* AutoLaunchHelper.app */,
			);
			name = Products;
			sourceTree = "<group>";
		};
		E821178E220E07B1003D7578 /* MoJob */ = {
			isa = PBXGroup;
			children = (
				E863305E2247AB3B00A8E946 /* api */,
				E8E950842231B3DD0070F57E /* CoreData */,
				E82117D8220E1B55003D7578 /* helper */,
				E82117C6220E1116003D7578 /* modules */,
				E82117BC220E0AED003D7578 /* layout */,
				E8E9508C2232D5AF0070F57E /* generic */,
				E81E75EA23034DA60071B90C /* release-notes */,
				E821178F220E07B1003D7578 /* AppDelegate.swift */,
				E800AE8522F9B68200E82EBE /* CoreDataHelper.swift */,
				E800AE8B22FA1A4100E82EBE /* GlobalTimer.swift */,
				E849396C22FDFA0700D2A4C9 /* GlobalNotification.swift */,
				E8211794220E07B2003D7578 /* Assets.xcassets */,
				E850996922F6118B00068ED8 /* MoJob.clr */,
				E8211799220E07B2003D7578 /* Info.plist */,
				E821179A220E07B2003D7578 /* MoJob.entitlements */,
				E82B2E6D224C1AF6001CCAC8 /* Mojob-Bridging-Header.h */,
				E81E75E823033E900071B90C /* ExportOptions.plist */,
			);
			path = MoJob;
			sourceTree = "<group>";
		};
		E82117A2220E07B2003D7578 /* MoJobTests */ = {
			isa = PBXGroup;
			children = (
				E82117A3220E07B2003D7578 /* MoJobTests.swift */,
				E82117A5220E07B2003D7578 /* Info.plist */,
			);
			path = MoJobTests;
			sourceTree = "<group>";
		};
		E82117AD220E07B3003D7578 /* MoJobUITests */ = {
			isa = PBXGroup;
			children = (
				E82117AE220E07B3003D7578 /* MoJobUITests.swift */,
				E82117B0220E07B3003D7578 /* Info.plist */,
			);
			path = MoJobUITests;
			sourceTree = "<group>";
		};
		E82117BC220E0AED003D7578 /* layout */ = {
			isa = PBXGroup;
			children = (
				E82117BD220E0B0C003D7578 /* controller */,
				E82117C0220E0B49003D7578 /* interfaces */,
			);
			path = layout;
			sourceTree = "<group>";
		};
		E82117BD220E0B0C003D7578 /* controller */ = {
			isa = PBXGroup;
			children = (
				E82117BE220E0B20003D7578 /* MainWindowController.swift */,
				E82117C4220E0FBD003D7578 /* SplitViewController.swift */,
				E850997122F6FEF600068ED8 /* TrackingSplitViewController.swift */,
				E8D35A2322FF86070014AFE4 /* CalendarSplitViewController.swift */,
				E8D35A3123008B0D0014AFE4 /* EditorSplitViewController.swift */,
			);
			path = controller;
			sourceTree = "<group>";
		};
		E82117C0220E0B49003D7578 /* interfaces */ = {
			isa = PBXGroup;
			children = (
				E8211796220E07B2003D7578 /* MainMenu.xib */,
				E82117C1220E0B71003D7578 /* MainWindowController.xib */,
			);
			path = interfaces;
			sourceTree = "<group>";
		};
		E82117C6220E1116003D7578 /* modules */ = {
			isa = PBXGroup;
			children = (
				E8D35A1722FF5A950014AFE4 /* calendar */,
				E84FCE3A22FC3C8C002E41B4 /* wakeUp */,
				E850996D22F6FD9800068ED8 /* settings */,
				E863306122481B8100A8E946 /* login */,
				E8E950852232BC110070F57E /* editor */,
				E895D8452221BB3D00DAAA4E /* dayTrackings */,
				E82117CE220E163F003D7578 /* joblist */,
				E82117C7220E114D003D7578 /* navigation */,
				E8A2703B2210BA880030B61C /* tracking */,
			);
			path = modules;
			sourceTree = "<group>";
		};
		E82117C7220E114D003D7578 /* navigation */ = {
			isa = PBXGroup;
			children = (
				E82117C8220E1158003D7578 /* controller */,
				E82117CB220E116E003D7578 /* interfaces */,
			);
			path = navigation;
			sourceTree = "<group>";
		};
		E82117C8220E1158003D7578 /* controller */ = {
			isa = PBXGroup;
			children = (
				E82117C9220E1169003D7578 /* NavigationController.swift */,
			);
			path = controller;
			sourceTree = "<group>";
		};
		E82117CB220E116E003D7578 /* interfaces */ = {
			isa = PBXGroup;
			children = (
				E82117CC220E119D003D7578 /* NavigationController.xib */,
			);
			path = interfaces;
			sourceTree = "<group>";
		};
		E82117CE220E163F003D7578 /* joblist */ = {
			isa = PBXGroup;
			children = (
				E82117CF220E16A3003D7578 /* controller */,
				E82117D0220E16AC003D7578 /* interfaces */,
				E8A270382210A7150030B61C /* views */,
			);
			path = joblist;
			sourceTree = "<group>";
		};
		E82117CF220E16A3003D7578 /* controller */ = {
			isa = PBXGroup;
			children = (
				E82117D4220E1AF6003D7578 /* JobListController.swift */,
				E82117DD220E470C003D7578 /* FavoriteItem.swift */,
				E82117FF220F5364003D7578 /* JobItem.swift */,
				E81DEE6122F4A13A004EF977 /* AddFavorite.swift */,
			);
			path = controller;
			sourceTree = "<group>";
		};
		E82117D0220E16AC003D7578 /* interfaces */ = {
			isa = PBXGroup;
			children = (
				E82117D6220E1B04003D7578 /* JobListController.xib */,
				E82117DB220E4593003D7578 /* FavoriteItem.xib */,
				E8211801220F5384003D7578 /* JobItem.xib */,
				E81DEE6322F4A1CD004EF977 /* AddFavorite.xib */,
			);
			path = interfaces;
			sourceTree = "<group>";
		};
		E82117D8220E1B55003D7578 /* helper */ = {
			isa = PBXGroup;
			children = (
				E82117D9220E1B7E003D7578 /* enums.swift */,
				E8138A2522525BBF008DAA62 /* extensions.swift */,
				E8CACC772211DE6300675688 /* functions.swift */,
				E8138A2322525B99008DAA62 /* structs.swift */,
				E8A270452210DC740030B61C /* NSBezierPath-cgPath.swift */,
				E8731AE4225952B1006947B0 /* constants.swift */,
			);
			path = helper;
			sourceTree = "<group>";
		};
		E84FCE3A22FC3C8C002E41B4 /* wakeUp */ = {
			isa = PBXGroup;
			children = (
				E84FCE3B22FC3C99002E41B4 /* controller */,
				E84FCE3C22FC3C9F002E41B4 /* interfaces */,
			);
			path = wakeUp;
			sourceTree = "<group>";
		};
		E84FCE3B22FC3C99002E41B4 /* controller */ = {
			isa = PBXGroup;
			children = (
				E84FCE3F22FC3ED7002E41B4 /* WakeUp.swift */,
			);
			path = controller;
			sourceTree = "<group>";
		};
		E84FCE3C22FC3C9F002E41B4 /* interfaces */ = {
			isa = PBXGroup;
			children = (
				E84FCE3D22FC3EA6002E41B4 /* WakeUp.xib */,
			);
			path = interfaces;
			sourceTree = "<group>";
		};
		E850996D22F6FD9800068ED8 /* settings */ = {
			isa = PBXGroup;
			children = (
				E850996E22F6FDA900068ED8 /* controller */,
				E850996F22F6FDB000068ED8 /* interfaces */,
			);
			path = settings;
			sourceTree = "<group>";
		};
		E850996E22F6FDA900068ED8 /* controller */ = {
			isa = PBXGroup;
			children = (
				E850997722F7078C00068ED8 /* SettingsViewController.swift */,
			);
			path = controller;
			sourceTree = "<group>";
		};
		E850996F22F6FDB000068ED8 /* interfaces */ = {
			isa = PBXGroup;
			children = (
				E850997922F708E600068ED8 /* SettingsViewController.xib */,
			);
			path = interfaces;
			sourceTree = "<group>";
		};
		E863305E2247AB3B00A8E946 /* api */ = {
			isa = PBXGroup;
			children = (
				E863305F2247AC1B00A8E946 /* QuoJob.swift */,
			);
			path = api;
			sourceTree = "<group>";
		};
		E863306122481B8100A8E946 /* login */ = {
			isa = PBXGroup;
			children = (
				E863306222481B8C00A8E946 /* controller */,
				E863306322481B9200A8E946 /* interfaces */,
				E86330682248230600A8E946 /* views */,
			);
			path = login;
			sourceTree = "<group>";
		};
		E863306222481B8C00A8E946 /* controller */ = {
			isa = PBXGroup;
			children = (
				E863306622481E2C00A8E946 /* Login.swift */,
			);
			path = controller;
			sourceTree = "<group>";
		};
		E863306322481B9200A8E946 /* interfaces */ = {
			isa = PBXGroup;
			children = (
				E863306422481BED00A8E946 /* Login.xib */,
			);
			path = interfaces;
			sourceTree = "<group>";
		};
		E86330682248230600A8E946 /* views */ = {
			isa = PBXGroup;
			children = (
				E86330692248232F00A8E946 /* Password.swift */,
			);
			path = views;
			sourceTree = "<group>";
		};
		E895D8452221BB3D00DAAA4E /* dayTrackings */ = {
			isa = PBXGroup;
			children = (
				E895D8462221BEAB00DAAA4E /* controller */,
				E895D8472221BEBE00DAAA4E /* interfaces */,
				E895D84E2222AC0900DAAA4E /* views */,
			);
			path = dayTrackings;
			sourceTree = "<group>";
		};
		E895D8462221BEAB00DAAA4E /* controller */ = {
			isa = PBXGroup;
			children = (
				E895D8482221BEEB00DAAA4E /* DayTrackingsController.swift */,
				E81DEE6722F4D78F004EF977 /* SplitTracking.swift */,
				E81DEE6B22F4DF96004EF977 /* SplitJobItem.swift */,
			);
			path = controller;
			sourceTree = "<group>";
		};
		E895D8472221BEBE00DAAA4E /* interfaces */ = {
			isa = PBXGroup;
			children = (
				E895D84A2221BF4600DAAA4E /* DayTrackingsController.xib */,
				E895D8532222E00600DAAA4E /* TrackingItem.xib */,
				E83447732236735900621617 /* AddButton.xib */,
				E81DEE6522F4D780004EF977 /* SplitTracking.xib */,
				E81DEE6922F4DF6D004EF977 /* SplitJobItem.xib */,
			);
			path = interfaces;
			sourceTree = "<group>";
		};
		E895D84E2222AC0900DAAA4E /* views */ = {
			isa = PBXGroup;
			children = (
				E895D84C2222AC0300DAAA4E /* DayTrackingControllerView.swift */,
				E895D8552222FCE000DAAA4E /* TrackingItem.swift */,
				E8E9509C223482940070F57E /* AddButton.swift */,
				E8E9509E223526DB0070F57E /* TrackingsStackView.swift */,
				E850996B22F6145700068ED8 /* ColorButton.swift */,
			);
			path = views;
			sourceTree = "<group>";
		};
		E8A270382210A7150030B61C /* views */ = {
			isa = PBXGroup;
			children = (
				E8211803220F5991003D7578 /* FilterField.swift */,
				E8A270392210A7590030B61C /* CollectionItemView.swift */,
			);
			path = views;
			sourceTree = "<group>";
		};
		E8A2703B2210BA880030B61C /* tracking */ = {
			isa = PBXGroup;
			children = (
				E8A2703C2210BA970030B61C /* controller */,
				E8A2703D2210BAA00030B61C /* interfaces */,
				E8A270422210C2F70030B61C /* views */,
			);
			path = tracking;
			sourceTree = "<group>";
		};
		E8A2703C2210BA970030B61C /* controller */ = {
			isa = PBXGroup;
			children = (
				E8A2703E2210BACF0030B61C /* TrackingViewController.swift */,
			);
			path = controller;
			sourceTree = "<group>";
		};
		E8A2703D2210BAA00030B61C /* interfaces */ = {
			isa = PBXGroup;
			children = (
				E8A270402210BAE80030B61C /* TrackingViewController.xib */,
			);
			path = interfaces;
			sourceTree = "<group>";
		};
		E8A270422210C2F70030B61C /* views */ = {
			isa = PBXGroup;
			children = (
				E877EC82224FCA8C002C3828 /* PopUpCellText.swift */,
				E8A270432210C3100030B61C /* TimerCount.swift */,
			);
			path = views;
			sourceTree = "<group>";
		};
		E8AA8CAC22F890520017698F /* AutoLaunchHelper */ = {
			isa = PBXGroup;
			children = (
				E8AA8CAD22F890520017698F /* HelperAppDelegate.swift */,
				E8AA8CB122F890540017698F /* Assets.xcassets */,
				E8AA8CB322F890540017698F /* Main.storyboard */,
				E8AA8CB622F890540017698F /* Info.plist */,
				E8AA8CB722F890540017698F /* AutoLaunchHelper.entitlements */,
			);
			path = AutoLaunchHelper;
			sourceTree = "<group>";
		};
		E8D35A1022FF549A0014AFE4 /* Migrations */ = {
			isa = PBXGroup;
			children = (
				E8D35A1122FF54C50014AFE4 /* DeleteTrackingPolicy.swift */,
				E8D35A1522FF56B90014AFE4 /* Model_MoJob_002.xcmappingmodel */,
			);
			path = Migrations;
			sourceTree = "<group>";
		};
		E8D35A1722FF5A950014AFE4 /* calendar */ = {
			isa = PBXGroup;
			children = (
				E8D35A1A22FF5ABC0014AFE4 /* controller */,
				E8D35A1922FF5AB30014AFE4 /* interfaces */,
				E8D35A1822FF5AA90014AFE4 /* views */,
			);
			path = calendar;
			sourceTree = "<group>";
		};
		E8D35A1822FF5AA90014AFE4 /* views */ = {
			isa = PBXGroup;
			children = (
				E8D35A1F22FF6AC80014AFE4 /* CalendarDay.swift */,
				E8D35A2B22FFA0130014AFE4 /* CalendarWeek.swift */,
				E8D35A2D22FFCBFB0014AFE4 /* CalendarGridView.swift */,
				E8D35A33230097A30014AFE4 /* ActiveIndicator.swift */,
			);
			path = views;
			sourceTree = "<group>";
		};
		E8D35A1922FF5AB30014AFE4 /* interfaces */ = {
			isa = PBXGroup;
			children = (
				E8D35A1B22FF5B0C0014AFE4 /* CalendarController.xib */,
				E8D35A2122FF6BA20014AFE4 /* CalendarDay.xib */,
				E8D35A2522FF87480014AFE4 /* CalendarWeek.xib */,
			);
			path = interfaces;
			sourceTree = "<group>";
		};
		E8D35A1A22FF5ABC0014AFE4 /* controller */ = {
			isa = PBXGroup;
			children = (
				E8D35A1D22FF5B3B0014AFE4 /* CalendarController.swift */,
			);
			path = controller;
			sourceTree = "<group>";
		};
		E8E950842231B3DD0070F57E /* CoreData */ = {
			isa = PBXGroup;
			children = (
				E8D35A1022FF549A0014AFE4 /* Migrations */,
				E8211791220E07B1003D7578 /* MoJob.xcdatamodeld */,
				E800AE8722F9B9F400E82EBE /* Tracking.swift */,
				E800AE8922F9C42900E82EBE /* Job.swift */,
			);
			path = CoreData;
			sourceTree = "<group>";
		};
		E8E950852232BC110070F57E /* editor */ = {
			isa = PBXGroup;
			children = (
				E8E950862232BC230070F57E /* controller */,
				E8E950872232BC2B0070F57E /* interfaces */,
				E8E950A02235914A0070F57E /* views */,
			);
			path = editor;
			sourceTree = "<group>";
		};
		E8E950862232BC230070F57E /* controller */ = {
			isa = PBXGroup;
			children = (
				E8E950882232C09F0070F57E /* EditorController.swift */,
			);
			path = controller;
			sourceTree = "<group>";
		};
		E8E950872232BC2B0070F57E /* interfaces */ = {
			isa = PBXGroup;
			children = (
				E8E9508A2232C0AF0070F57E /* EditorController.xib */,
			);
			path = interfaces;
			sourceTree = "<group>";
		};
		E8E9508C2232D5AF0070F57E /* generic */ = {
			isa = PBXGroup;
			children = (
				E800AE8222F984EF00E82EBE /* controller */,
				E8E9508D2232D5C30070F57E /* views */,
			);
			path = generic;
			sourceTree = "<group>";
		};
		E8E9508D2232D5C30070F57E /* views */ = {
			isa = PBXGroup;
			children = (
				E8E9508E2232D62A0070F57E /* TextField.swift */,
				E850998122F7578200068ED8 /* ComboBox.swift */,
				E8D35A2F2300487E0014AFE4 /* GradientCircle.swift */,
			);
			path = views;
			sourceTree = "<group>";
		};
		E8E950A02235914A0070F57E /* views */ = {
			isa = PBXGroup;
			children = (
				E8E950A1223591910070F57E /* NumberField.swift */,
				E863305C2245863600A8E946 /* PopUpCell.swift */,
			);
			path = views;
			sourceTree = "<group>";
		};
/* End PBXGroup section */

/* Begin PBXNativeTarget section */
		E821178B220E07B1003D7578 /* MoJob */ = {
			isa = PBXNativeTarget;
			buildConfigurationList = E82117B3220E07B3003D7578 /* Build configuration list for PBXNativeTarget "MoJob" */;
			buildPhases = (
				F5958C8F316B926FBE6550F6 /* [CP] Check Pods Manifest.lock */,
				E8211788220E07B1003D7578 /* Sources */,
				E8211789220E07B1003D7578 /* Frameworks */,
				E821178A220E07B1003D7578 /* Resources */,
				709109543FB4E546A9F47017 /* [CP] Embed Pods Frameworks */,
				E8AA8CBB22F891660017698F /* CopyFiles */,
				E800AE7D22F958E000E82EBE /* Fabric Keys */,
			);
			buildRules = (
			);
			dependencies = (
			);
			name = MoJob;
			productName = MoJob;
			productReference = E821178C220E07B1003D7578 /* MoJob.app */;
			productType = "com.apple.product-type.application";
		};
		E821179E220E07B2003D7578 /* MoJobTests */ = {
			isa = PBXNativeTarget;
			buildConfigurationList = E82117B6220E07B3003D7578 /* Build configuration list for PBXNativeTarget "MoJobTests" */;
			buildPhases = (
				9B8E0F4855C67B29D0A6F3CE /* [CP] Check Pods Manifest.lock */,
				E821179B220E07B2003D7578 /* Sources */,
				E821179C220E07B2003D7578 /* Frameworks */,
				E821179D220E07B2003D7578 /* Resources */,
			);
			buildRules = (
			);
			dependencies = (
				E82117A1220E07B2003D7578 /* PBXTargetDependency */,
			);
			name = MoJobTests;
			productName = MoJobTests;
			productReference = E821179F220E07B2003D7578 /* MoJobTests.xctest */;
			productType = "com.apple.product-type.bundle.unit-test";
		};
		E82117A9220E07B3003D7578 /* MoJobUITests */ = {
			isa = PBXNativeTarget;
			buildConfigurationList = E82117B9220E07B3003D7578 /* Build configuration list for PBXNativeTarget "MoJobUITests" */;
			buildPhases = (
				A23085EAD63AD4752034819D /* [CP] Check Pods Manifest.lock */,
				E82117A6220E07B3003D7578 /* Sources */,
				E82117A7220E07B3003D7578 /* Frameworks */,
				E82117A8220E07B3003D7578 /* Resources */,
			);
			buildRules = (
			);
			dependencies = (
				E82117AC220E07B3003D7578 /* PBXTargetDependency */,
			);
			name = MoJobUITests;
			productName = MoJobUITests;
			productReference = E82117AA220E07B3003D7578 /* MoJobUITests.xctest */;
			productType = "com.apple.product-type.bundle.ui-testing";
		};
		E8AA8CAA22F890520017698F /* AutoLaunchHelper */ = {
			isa = PBXNativeTarget;
			buildConfigurationList = E8AA8CBA22F890540017698F /* Build configuration list for PBXNativeTarget "AutoLaunchHelper" */;
			buildPhases = (
				E8AA8CA722F890520017698F /* Sources */,
				E8AA8CA822F890520017698F /* Frameworks */,
				E8AA8CA922F890520017698F /* Resources */,
			);
			buildRules = (
			);
			dependencies = (
			);
			name = AutoLaunchHelper;
			productName = AutoLaunchHelper;
			productReference = E8AA8CAB22F890520017698F /* AutoLaunchHelper.app */;
			productType = "com.apple.product-type.application";
		};
/* End PBXNativeTarget section */

/* Begin PBXProject section */
		E8211784220E07B1003D7578 /* Project object */ = {
			isa = PBXProject;
			attributes = {
				LastSwiftUpdateCheck = 1020;
				LastUpgradeCheck = 1000;
				ORGANIZATIONNAME = "Martin Schneider";
				TargetAttributes = {
					E821178B220E07B1003D7578 = {
						CreatedOnToolsVersion = 10.0;
						LastSwiftMigration = 1030;
						SystemCapabilities = {
							com.apple.Sandbox = {
								enabled = 0;
							};
						};
					};
					E821179E220E07B2003D7578 = {
						CreatedOnToolsVersion = 10.0;
						TestTargetID = E821178B220E07B1003D7578;
					};
					E82117A9220E07B3003D7578 = {
						CreatedOnToolsVersion = 10.0;
						TestTargetID = E821178B220E07B1003D7578;
					};
					E8AA8CAA22F890520017698F = {
						CreatedOnToolsVersion = 10.2.1;
					};
				};
			};
			buildConfigurationList = E8211787220E07B1003D7578 /* Build configuration list for PBXProject "MoJob" */;
			compatibilityVersion = "Xcode 9.3";
			developmentRegion = en;
			hasScannedForEncodings = 0;
			knownRegions = (
				en,
				Base,
			);
			mainGroup = E8211783220E07B1003D7578;
			productRefGroup = E821178D220E07B1003D7578 /* Products */;
			projectDirPath = "";
			projectRoot = "";
			targets = (
				E821178B220E07B1003D7578 /* MoJob */,
				E821179E220E07B2003D7578 /* MoJobTests */,
				E82117A9220E07B3003D7578 /* MoJobUITests */,
				E8AA8CAA22F890520017698F /* AutoLaunchHelper */,
			);
		};
/* End PBXProject section */

/* Begin PBXResourcesBuildPhase section */
		E821178A220E07B1003D7578 /* Resources */ = {
			isa = PBXResourcesBuildPhase;
			buildActionMask = 2147483647;
			files = (
				E8211795220E07B2003D7578 /* Assets.xcassets in Resources */,
				E850997A22F708E600068ED8 /* SettingsViewController.xib in Resources */,
				E895D8542222E00600DAAA4E /* TrackingItem.xib in Resources */,
				E8E9508B2232C0AF0070F57E /* EditorController.xib in Resources */,
				E8211802220F5384003D7578 /* JobItem.xib in Resources */,
				E840F96E230402B600923A47 /* MoJob-3.0.3.html in Resources */,
				E82117D7220E1B04003D7578 /* JobListController.xib in Resources */,
				E81E75E923033E900071B90C /* ExportOptions.plist in Resources */,
				E82117CD220E119D003D7578 /* NavigationController.xib in Resources */,
				E81DEE6A22F4DF6D004EF977 /* SplitJobItem.xib in Resources */,
				E82117C2220E0B71003D7578 /* MainWindowController.xib in Resources */,
				E81DEE6622F4D780004EF977 /* SplitTracking.xib in Resources */,
				E83447742236735900621617 /* AddButton.xib in Resources */,
				E84FCE3E22FC3EA6002E41B4 /* WakeUp.xib in Resources */,
				E895D84B2221BF4600DAAA4E /* DayTrackingsController.xib in Resources */,
				E81E75EE230351A90071B90C /* MoJob-3.0.1.html in Resources */,
				E8A270412210BAE80030B61C /* TrackingViewController.xib in Resources */,
				E82117DC220E4593003D7578 /* FavoriteItem.xib in Resources */,
				E8D35A1C22FF5B0C0014AFE4 /* CalendarController.xib in Resources */,
				E8D35A2222FF6BA20014AFE4 /* CalendarDay.xib in Resources */,
				E8211798220E07B2003D7578 /* MainMenu.xib in Resources */,
				E863306522481BED00A8E946 /* Login.xib in Resources */,
				E850996A22F6118B00068ED8 /* MoJob.clr in Resources */,
				E81DEE6422F4A1CD004EF977 /* AddFavorite.xib in Resources */,
				E8716BE8230490C600AF5BC0 /* MoJob-3.1.0.html in Resources */,
				E81E75EC23034DF60071B90C /* MoJob-3.0.2.html in Resources */,
				E8D35A2622FF87480014AFE4 /* CalendarWeek.xib in Resources */,
			);
			runOnlyForDeploymentPostprocessing = 0;
		};
		E821179D220E07B2003D7578 /* Resources */ = {
			isa = PBXResourcesBuildPhase;
			buildActionMask = 2147483647;
			files = (
			);
			runOnlyForDeploymentPostprocessing = 0;
		};
		E82117A8220E07B3003D7578 /* Resources */ = {
			isa = PBXResourcesBuildPhase;
			buildActionMask = 2147483647;
			files = (
			);
			runOnlyForDeploymentPostprocessing = 0;
		};
		E8AA8CA922F890520017698F /* Resources */ = {
			isa = PBXResourcesBuildPhase;
			buildActionMask = 2147483647;
			files = (
				E8AA8CB222F890540017698F /* Assets.xcassets in Resources */,
				E8AA8CB522F890540017698F /* Main.storyboard in Resources */,
			);
			runOnlyForDeploymentPostprocessing = 0;
		};
/* End PBXResourcesBuildPhase section */

/* Begin PBXShellScriptBuildPhase section */
		709109543FB4E546A9F47017 /* [CP] Embed Pods Frameworks */ = {
			isa = PBXShellScriptBuildPhase;
			buildActionMask = 2147483647;
			files = (
			);
			inputFileListPaths = (
			);
			inputPaths = (
				"${PODS_ROOT}/Target Support Files/Pods-MoJob/Pods-MoJob-frameworks.sh",
				"${BUILT_PRODUCTS_DIR}/Alamofire/Alamofire.framework",
				"${BUILT_PRODUCTS_DIR}/KeychainAccess/KeychainAccess.framework",
				"${BUILT_PRODUCTS_DIR}/LetsMove/LetsMove.framework",
				"${BUILT_PRODUCTS_DIR}/PromiseKit/PromiseKit.framework",
				"${PODS_ROOT}/Sparkle/Sparkle.framework",
				"${PODS_ROOT}/Sparkle/Sparkle.framework.dSYM",
			);
			name = "[CP] Embed Pods Frameworks";
			outputFileListPaths = (
			);
			outputPaths = (
				"${TARGET_BUILD_DIR}/${FRAMEWORKS_FOLDER_PATH}/Alamofire.framework",
				"${TARGET_BUILD_DIR}/${FRAMEWORKS_FOLDER_PATH}/KeychainAccess.framework",
				"${TARGET_BUILD_DIR}/${FRAMEWORKS_FOLDER_PATH}/LetsMove.framework",
				"${TARGET_BUILD_DIR}/${FRAMEWORKS_FOLDER_PATH}/PromiseKit.framework",
				"${TARGET_BUILD_DIR}/${FRAMEWORKS_FOLDER_PATH}/Sparkle.framework",
				"${DWARF_DSYM_FOLDER_PATH}/Sparkle.framework.dSYM",
			);
			runOnlyForDeploymentPostprocessing = 0;
			shellPath = /bin/sh;
			shellScript = "\"${PODS_ROOT}/Target Support Files/Pods-MoJob/Pods-MoJob-frameworks.sh\"\n";
			showEnvVarsInLog = 0;
		};
		9B8E0F4855C67B29D0A6F3CE /* [CP] Check Pods Manifest.lock */ = {
			isa = PBXShellScriptBuildPhase;
			buildActionMask = 2147483647;
			files = (
			);
			inputFileListPaths = (
			);
			inputPaths = (
				"${PODS_PODFILE_DIR_PATH}/Podfile.lock",
				"${PODS_ROOT}/Manifest.lock",
			);
			name = "[CP] Check Pods Manifest.lock";
			outputFileListPaths = (
			);
			outputPaths = (
				"$(DERIVED_FILE_DIR)/Pods-MoJobTests-checkManifestLockResult.txt",
			);
			runOnlyForDeploymentPostprocessing = 0;
			shellPath = /bin/sh;
			shellScript = "diff \"${PODS_PODFILE_DIR_PATH}/Podfile.lock\" \"${PODS_ROOT}/Manifest.lock\" > /dev/null\nif [ $? != 0 ] ; then\n    # print error to STDERR\n    echo \"error: The sandbox is not in sync with the Podfile.lock. Run 'pod install' or update your CocoaPods installation.\" >&2\n    exit 1\nfi\n# This output is used by Xcode 'outputs' to avoid re-running this script phase.\necho \"SUCCESS\" > \"${SCRIPT_OUTPUT_FILE_0}\"\n";
			showEnvVarsInLog = 0;
		};
		A23085EAD63AD4752034819D /* [CP] Check Pods Manifest.lock */ = {
			isa = PBXShellScriptBuildPhase;
			buildActionMask = 2147483647;
			files = (
			);
			inputFileListPaths = (
			);
			inputPaths = (
				"${PODS_PODFILE_DIR_PATH}/Podfile.lock",
				"${PODS_ROOT}/Manifest.lock",
			);
			name = "[CP] Check Pods Manifest.lock";
			outputFileListPaths = (
			);
			outputPaths = (
				"$(DERIVED_FILE_DIR)/Pods-MoJobUITests-checkManifestLockResult.txt",
			);
			runOnlyForDeploymentPostprocessing = 0;
			shellPath = /bin/sh;
			shellScript = "diff \"${PODS_PODFILE_DIR_PATH}/Podfile.lock\" \"${PODS_ROOT}/Manifest.lock\" > /dev/null\nif [ $? != 0 ] ; then\n    # print error to STDERR\n    echo \"error: The sandbox is not in sync with the Podfile.lock. Run 'pod install' or update your CocoaPods installation.\" >&2\n    exit 1\nfi\n# This output is used by Xcode 'outputs' to avoid re-running this script phase.\necho \"SUCCESS\" > \"${SCRIPT_OUTPUT_FILE_0}\"\n";
			showEnvVarsInLog = 0;
		};
		E800AE7D22F958E000E82EBE /* Fabric Keys */ = {
			isa = PBXShellScriptBuildPhase;
			buildActionMask = 2147483647;
			files = (
			);
			inputFileListPaths = (
			);
			inputPaths = (
			);
			name = "Fabric Keys";
			outputFileListPaths = (
			);
			outputPaths = (
			);
			runOnlyForDeploymentPostprocessing = 0;
			shellPath = /bin/sh;
			shellScript = "\"${PODS_ROOT}/Fabric/run\" 08042b2dbc27ed6620e1aed5fdc4f980e11af3f9 652f66bb6f28478ba6170e3f82bd0d717c3879632ee4b53513b8fff3fada2faf\n";
		};
		F5958C8F316B926FBE6550F6 /* [CP] Check Pods Manifest.lock */ = {
			isa = PBXShellScriptBuildPhase;
			buildActionMask = 2147483647;
			files = (
			);
			inputFileListPaths = (
			);
			inputPaths = (
				"${PODS_PODFILE_DIR_PATH}/Podfile.lock",
				"${PODS_ROOT}/Manifest.lock",
			);
			name = "[CP] Check Pods Manifest.lock";
			outputFileListPaths = (
			);
			outputPaths = (
				"$(DERIVED_FILE_DIR)/Pods-MoJob-checkManifestLockResult.txt",
			);
			runOnlyForDeploymentPostprocessing = 0;
			shellPath = /bin/sh;
			shellScript = "diff \"${PODS_PODFILE_DIR_PATH}/Podfile.lock\" \"${PODS_ROOT}/Manifest.lock\" > /dev/null\nif [ $? != 0 ] ; then\n    # print error to STDERR\n    echo \"error: The sandbox is not in sync with the Podfile.lock. Run 'pod install' or update your CocoaPods installation.\" >&2\n    exit 1\nfi\n# This output is used by Xcode 'outputs' to avoid re-running this script phase.\necho \"SUCCESS\" > \"${SCRIPT_OUTPUT_FILE_0}\"\n";
			showEnvVarsInLog = 0;
		};
/* End PBXShellScriptBuildPhase section */

/* Begin PBXSourcesBuildPhase section */
		E8211788220E07B1003D7578 /* Sources */ = {
			isa = PBXSourcesBuildPhase;
			buildActionMask = 2147483647;
			files = (
				E8D35A1E22FF5B3B0014AFE4 /* CalendarController.swift in Sources */,
				E84FCE4022FC3ED7002E41B4 /* WakeUp.swift in Sources */,
				E800AE8822F9B9F400E82EBE /* Tracking.swift in Sources */,
				E895D84D2222AC0300DAAA4E /* DayTrackingControllerView.swift in Sources */,
				E8E9509F223526DB0070F57E /* TrackingsStackView.swift in Sources */,
				E800AE8422F9851700E82EBE /* QuoJobSelections.swift in Sources */,
				E82117DA220E1B7E003D7578 /* enums.swift in Sources */,
				E8A270462210DC740030B61C /* NSBezierPath-cgPath.swift in Sources */,
				E8E9508F2232D62A0070F57E /* TextField.swift in Sources */,
				E8211790220E07B1003D7578 /* AppDelegate.swift in Sources */,
				E850997222F6FEF600068ED8 /* TrackingSplitViewController.swift in Sources */,
				E8CACC782211DE6300675688 /* functions.swift in Sources */,
				E849396D22FDFA0700D2A4C9 /* GlobalNotification.swift in Sources */,
				E800AE8C22FA1A4100E82EBE /* GlobalTimer.swift in Sources */,
				E81DEE6C22F4DF96004EF977 /* SplitJobItem.swift in Sources */,
				E8731AE5225952B1006947B0 /* constants.swift in Sources */,
				E8A2703F2210BACF0030B61C /* TrackingViewController.swift in Sources */,
				E81DEE6222F4A13A004EF977 /* AddFavorite.swift in Sources */,
				E800AE8622F9B68200E82EBE /* CoreDataHelper.swift in Sources */,
				E863305D2245863600A8E946 /* PopUpCell.swift in Sources */,
				E8211800220F5364003D7578 /* JobItem.swift in Sources */,
				E895D8492221BEEB00DAAA4E /* DayTrackingsController.swift in Sources */,
				E8D35A1222FF54C50014AFE4 /* DeleteTrackingPolicy.swift in Sources */,
				E8211793220E07B1003D7578 /* MoJob.xcdatamodeld in Sources */,
				E850996C22F6145700068ED8 /* ColorButton.swift in Sources */,
				E8211804220F5991003D7578 /* FilterField.swift in Sources */,
				E82117CA220E1169003D7578 /* NavigationController.swift in Sources */,
				E8D35A302300487E0014AFE4 /* GradientCircle.swift in Sources */,
				E8138A2422525B99008DAA62 /* structs.swift in Sources */,
				E81DEE6822F4D78F004EF977 /* SplitTracking.swift in Sources */,
				E82117BF220E0B20003D7578 /* MainWindowController.swift in Sources */,
				E863306722481E2C00A8E946 /* Login.swift in Sources */,
				E8D35A34230097A30014AFE4 /* ActiveIndicator.swift in Sources */,
				E850997822F7078C00068ED8 /* SettingsViewController.swift in Sources */,
				E8138A2622525BBF008DAA62 /* extensions.swift in Sources */,
				E8E950892232C09F0070F57E /* EditorController.swift in Sources */,
				E82117DE220E470C003D7578 /* FavoriteItem.swift in Sources */,
				E8D35A3223008B0D0014AFE4 /* EditorSplitViewController.swift in Sources */,
				E8A270442210C3100030B61C /* TimerCount.swift in Sources */,
				E8D35A2E22FFCBFB0014AFE4 /* CalendarGridView.swift in Sources */,
				E8D35A2C22FFA0130014AFE4 /* CalendarWeek.swift in Sources */,
				E8E950A2223591910070F57E /* NumberField.swift in Sources */,
				E8D35A2022FF6AC80014AFE4 /* CalendarDay.swift in Sources */,
				E86330602247AC1B00A8E946 /* QuoJob.swift in Sources */,
				E8D35A1622FF56B90014AFE4 /* Model_MoJob_002.xcmappingmodel in Sources */,
				E895D8562222FCE000DAAA4E /* TrackingItem.swift in Sources */,
				E877EC83224FCA8C002C3828 /* PopUpCellText.swift in Sources */,
				E8E9509D223482940070F57E /* AddButton.swift in Sources */,
				E850998222F7578200068ED8 /* ComboBox.swift in Sources */,
				E863306A2248232F00A8E946 /* Password.swift in Sources */,
				E800AE8A22F9C42900E82EBE /* Job.swift in Sources */,
				E8A2703A2210A7590030B61C /* CollectionItemView.swift in Sources */,
				E8D35A2422FF86070014AFE4 /* CalendarSplitViewController.swift in Sources */,
				E82117D5220E1AF6003D7578 /* JobListController.swift in Sources */,
				E82117C5220E0FBD003D7578 /* SplitViewController.swift in Sources */,
			);
			runOnlyForDeploymentPostprocessing = 0;
		};
		E821179B220E07B2003D7578 /* Sources */ = {
			isa = PBXSourcesBuildPhase;
			buildActionMask = 2147483647;
			files = (
				E82117A4220E07B2003D7578 /* MoJobTests.swift in Sources */,
			);
			runOnlyForDeploymentPostprocessing = 0;
		};
		E82117A6220E07B3003D7578 /* Sources */ = {
			isa = PBXSourcesBuildPhase;
			buildActionMask = 2147483647;
			files = (
				E82117AF220E07B3003D7578 /* MoJobUITests.swift in Sources */,
			);
			runOnlyForDeploymentPostprocessing = 0;
		};
		E8AA8CA722F890520017698F /* Sources */ = {
			isa = PBXSourcesBuildPhase;
			buildActionMask = 2147483647;
			files = (
				E8AA8CAE22F890520017698F /* HelperAppDelegate.swift in Sources */,
			);
			runOnlyForDeploymentPostprocessing = 0;
		};
/* End PBXSourcesBuildPhase section */

/* Begin PBXTargetDependency section */
		E82117A1220E07B2003D7578 /* PBXTargetDependency */ = {
			isa = PBXTargetDependency;
			target = E821178B220E07B1003D7578 /* MoJob */;
			targetProxy = E82117A0220E07B2003D7578 /* PBXContainerItemProxy */;
		};
		E82117AC220E07B3003D7578 /* PBXTargetDependency */ = {
			isa = PBXTargetDependency;
			target = E821178B220E07B1003D7578 /* MoJob */;
			targetProxy = E82117AB220E07B3003D7578 /* PBXContainerItemProxy */;
		};
/* End PBXTargetDependency section */

/* Begin PBXVariantGroup section */
		E8211796220E07B2003D7578 /* MainMenu.xib */ = {
			isa = PBXVariantGroup;
			children = (
				E8211797220E07B2003D7578 /* Base */,
			);
			name = MainMenu.xib;
			sourceTree = "<group>";
		};
		E8AA8CB322F890540017698F /* Main.storyboard */ = {
			isa = PBXVariantGroup;
			children = (
				E8AA8CB422F890540017698F /* Base */,
			);
			name = Main.storyboard;
			sourceTree = "<group>";
		};
/* End PBXVariantGroup section */

/* Begin XCBuildConfiguration section */
		E82117B1220E07B3003D7578 /* Debug */ = {
			isa = XCBuildConfiguration;
			buildSettings = {
				ALWAYS_SEARCH_USER_PATHS = NO;
				CLANG_ANALYZER_NONNULL = YES;
				CLANG_ANALYZER_NUMBER_OBJECT_CONVERSION = YES_AGGRESSIVE;
				CLANG_CXX_LANGUAGE_STANDARD = "gnu++14";
				CLANG_CXX_LIBRARY = "libc++";
				CLANG_ENABLE_MODULES = YES;
				CLANG_ENABLE_OBJC_ARC = YES;
				CLANG_ENABLE_OBJC_WEAK = YES;
				CLANG_WARN_BLOCK_CAPTURE_AUTORELEASING = YES;
				CLANG_WARN_BOOL_CONVERSION = YES;
				CLANG_WARN_COMMA = YES;
				CLANG_WARN_CONSTANT_CONVERSION = YES;
				CLANG_WARN_DEPRECATED_OBJC_IMPLEMENTATIONS = YES;
				CLANG_WARN_DIRECT_OBJC_ISA_USAGE = YES_ERROR;
				CLANG_WARN_DOCUMENTATION_COMMENTS = YES;
				CLANG_WARN_EMPTY_BODY = YES;
				CLANG_WARN_ENUM_CONVERSION = YES;
				CLANG_WARN_INFINITE_RECURSION = YES;
				CLANG_WARN_INT_CONVERSION = YES;
				CLANG_WARN_NON_LITERAL_NULL_CONVERSION = YES;
				CLANG_WARN_OBJC_IMPLICIT_RETAIN_SELF = YES;
				CLANG_WARN_OBJC_LITERAL_CONVERSION = YES;
				CLANG_WARN_OBJC_ROOT_CLASS = YES_ERROR;
				CLANG_WARN_RANGE_LOOP_ANALYSIS = YES;
				CLANG_WARN_STRICT_PROTOTYPES = YES;
				CLANG_WARN_SUSPICIOUS_MOVE = YES;
				CLANG_WARN_UNGUARDED_AVAILABILITY = YES_AGGRESSIVE;
				CLANG_WARN_UNREACHABLE_CODE = YES;
				CLANG_WARN__DUPLICATE_METHOD_MATCH = YES;
				CODE_SIGN_IDENTITY = "Mac Developer";
				COPY_PHASE_STRIP = NO;
				DEBUG_INFORMATION_FORMAT = dwarf;
				ENABLE_STRICT_OBJC_MSGSEND = YES;
				ENABLE_TESTABILITY = YES;
				GCC_C_LANGUAGE_STANDARD = gnu11;
				GCC_DYNAMIC_NO_PIC = NO;
				GCC_NO_COMMON_BLOCKS = YES;
				GCC_OPTIMIZATION_LEVEL = 0;
				GCC_PREPROCESSOR_DEFINITIONS = (
					"DEBUG=1",
					"$(inherited)",
				);
				GCC_WARN_64_TO_32_BIT_CONVERSION = YES;
				GCC_WARN_ABOUT_RETURN_TYPE = YES_ERROR;
				GCC_WARN_UNDECLARED_SELECTOR = YES;
				GCC_WARN_UNINITIALIZED_AUTOS = YES_AGGRESSIVE;
				GCC_WARN_UNUSED_FUNCTION = YES;
				GCC_WARN_UNUSED_VARIABLE = YES;
				MACOSX_DEPLOYMENT_TARGET = 10.13;
				MTL_ENABLE_DEBUG_INFO = INCLUDE_SOURCE;
				MTL_FAST_MATH = YES;
				ONLY_ACTIVE_ARCH = YES;
				SDKROOT = macosx;
				SWIFT_ACTIVE_COMPILATION_CONDITIONS = DEBUG;
				SWIFT_OPTIMIZATION_LEVEL = "-Onone";
			};
			name = Debug;
		};
		E82117B2220E07B3003D7578 /* Release */ = {
			isa = XCBuildConfiguration;
			buildSettings = {
				ALWAYS_SEARCH_USER_PATHS = NO;
				CLANG_ANALYZER_NONNULL = YES;
				CLANG_ANALYZER_NUMBER_OBJECT_CONVERSION = YES_AGGRESSIVE;
				CLANG_CXX_LANGUAGE_STANDARD = "gnu++14";
				CLANG_CXX_LIBRARY = "libc++";
				CLANG_ENABLE_MODULES = YES;
				CLANG_ENABLE_OBJC_ARC = YES;
				CLANG_ENABLE_OBJC_WEAK = YES;
				CLANG_WARN_BLOCK_CAPTURE_AUTORELEASING = YES;
				CLANG_WARN_BOOL_CONVERSION = YES;
				CLANG_WARN_COMMA = YES;
				CLANG_WARN_CONSTANT_CONVERSION = YES;
				CLANG_WARN_DEPRECATED_OBJC_IMPLEMENTATIONS = YES;
				CLANG_WARN_DIRECT_OBJC_ISA_USAGE = YES_ERROR;
				CLANG_WARN_DOCUMENTATION_COMMENTS = YES;
				CLANG_WARN_EMPTY_BODY = YES;
				CLANG_WARN_ENUM_CONVERSION = YES;
				CLANG_WARN_INFINITE_RECURSION = YES;
				CLANG_WARN_INT_CONVERSION = YES;
				CLANG_WARN_NON_LITERAL_NULL_CONVERSION = YES;
				CLANG_WARN_OBJC_IMPLICIT_RETAIN_SELF = YES;
				CLANG_WARN_OBJC_LITERAL_CONVERSION = YES;
				CLANG_WARN_OBJC_ROOT_CLASS = YES_ERROR;
				CLANG_WARN_RANGE_LOOP_ANALYSIS = YES;
				CLANG_WARN_STRICT_PROTOTYPES = YES;
				CLANG_WARN_SUSPICIOUS_MOVE = YES;
				CLANG_WARN_UNGUARDED_AVAILABILITY = YES_AGGRESSIVE;
				CLANG_WARN_UNREACHABLE_CODE = YES;
				CLANG_WARN__DUPLICATE_METHOD_MATCH = YES;
				CODE_SIGN_IDENTITY = "Mac Developer";
				COPY_PHASE_STRIP = NO;
				DEBUG_INFORMATION_FORMAT = "dwarf-with-dsym";
				ENABLE_NS_ASSERTIONS = NO;
				ENABLE_STRICT_OBJC_MSGSEND = YES;
				GCC_C_LANGUAGE_STANDARD = gnu11;
				GCC_NO_COMMON_BLOCKS = YES;
				GCC_WARN_64_TO_32_BIT_CONVERSION = YES;
				GCC_WARN_ABOUT_RETURN_TYPE = YES_ERROR;
				GCC_WARN_UNDECLARED_SELECTOR = YES;
				GCC_WARN_UNINITIALIZED_AUTOS = YES_AGGRESSIVE;
				GCC_WARN_UNUSED_FUNCTION = YES;
				GCC_WARN_UNUSED_VARIABLE = YES;
				MACOSX_DEPLOYMENT_TARGET = 10.13;
				MTL_ENABLE_DEBUG_INFO = NO;
				MTL_FAST_MATH = YES;
				SDKROOT = macosx;
				SWIFT_COMPILATION_MODE = wholemodule;
				SWIFT_OPTIMIZATION_LEVEL = "-O";
			};
			name = Release;
		};
		E82117B4220E07B3003D7578 /* Debug */ = {
			isa = XCBuildConfiguration;
			baseConfigurationReference = 7847464B34327E7A7CA03419 /* Pods-MoJob.debug.xcconfig */;
			buildSettings = {
				ASSETCATALOG_COMPILER_APPICON_NAME = AppIcon;
				CODE_SIGN_IDENTITY = "Mac Developer";
				CODE_SIGN_STYLE = Automatic;
				COMBINE_HIDPI_IMAGES = YES;
				DEBUG_INFORMATION_FORMAT = "dwarf-with-dsym";
				DEVELOPMENT_TEAM = CYSY859JZ8;
				INFOPLIST_FILE = MoJob/Info.plist;
				LD_RUNPATH_SEARCH_PATHS = (
					"$(inherited)",
					"@executable_path/../Frameworks",
				);
				MACOSX_DEPLOYMENT_TARGET = 10.13;
				PRODUCT_BUNDLE_IDENTIFIER = de.martinschneider.MoJob;
				PRODUCT_NAME = "$(TARGET_NAME)";
				PROVISIONING_PROFILE_SPECIFIER = "";
				SWIFT_OBJC_BRIDGING_HEADER = "MoJob/MoJob-Bridging-Header.h";
				SWIFT_VERSION = 5.0;
			};
			name = Debug;
		};
		E82117B5220E07B3003D7578 /* Release */ = {
			isa = XCBuildConfiguration;
			baseConfigurationReference = 160E1E44B826B5C303BE90F7 /* Pods-MoJob.release.xcconfig */;
			buildSettings = {
				ASSETCATALOG_COMPILER_APPICON_NAME = AppIcon;
				CODE_SIGN_IDENTITY = "Mac Developer";
				CODE_SIGN_STYLE = Automatic;
				COMBINE_HIDPI_IMAGES = YES;
				DEVELOPMENT_TEAM = CYSY859JZ8;
				INFOPLIST_FILE = MoJob/Info.plist;
				LD_RUNPATH_SEARCH_PATHS = (
					"$(inherited)",
					"@executable_path/../Frameworks",
				);
				MACOSX_DEPLOYMENT_TARGET = 10.13;
				PRODUCT_BUNDLE_IDENTIFIER = de.martinschneider.MoJob;
				PRODUCT_NAME = "$(TARGET_NAME)";
				PROVISIONING_PROFILE_SPECIFIER = "";
				SWIFT_OBJC_BRIDGING_HEADER = "MoJob/MoJob-Bridging-Header.h";
				SWIFT_VERSION = 5.0;
			};
			name = Release;
		};
		E82117B7220E07B3003D7578 /* Debug */ = {
			isa = XCBuildConfiguration;
			baseConfigurationReference = 769C502492876FC60854FE3F /* Pods-MoJobTests.debug.xcconfig */;
			buildSettings = {
				ALWAYS_EMBED_SWIFT_STANDARD_LIBRARIES = YES;
				BUNDLE_LOADER = "$(TEST_HOST)";
				CODE_SIGN_STYLE = Automatic;
				COMBINE_HIDPI_IMAGES = YES;
				DEVELOPMENT_TEAM = CYSY859JZ8;
				INFOPLIST_FILE = MoJobTests/Info.plist;
				LD_RUNPATH_SEARCH_PATHS = (
					"$(inherited)",
					"@executable_path/../Frameworks",
					"@loader_path/../Frameworks",
				);
				PRODUCT_BUNDLE_IDENTIFIER = de.martinschneider.MoJobTests;
				PRODUCT_NAME = "$(TARGET_NAME)";
				SWIFT_VERSION = 4.2;
				TEST_HOST = "$(BUILT_PRODUCTS_DIR)/MoJob.app/Contents/MacOS/MoJob";
			};
			name = Debug;
		};
		E82117B8220E07B3003D7578 /* Release */ = {
			isa = XCBuildConfiguration;
			baseConfigurationReference = 094DA011DFDF8D35D98D439B /* Pods-MoJobTests.release.xcconfig */;
			buildSettings = {
				ALWAYS_EMBED_SWIFT_STANDARD_LIBRARIES = YES;
				BUNDLE_LOADER = "$(TEST_HOST)";
				CODE_SIGN_STYLE = Automatic;
				COMBINE_HIDPI_IMAGES = YES;
				DEVELOPMENT_TEAM = CYSY859JZ8;
				INFOPLIST_FILE = MoJobTests/Info.plist;
				LD_RUNPATH_SEARCH_PATHS = (
					"$(inherited)",
					"@executable_path/../Frameworks",
					"@loader_path/../Frameworks",
				);
				PRODUCT_BUNDLE_IDENTIFIER = de.martinschneider.MoJobTests;
				PRODUCT_NAME = "$(TARGET_NAME)";
				SWIFT_VERSION = 4.2;
				TEST_HOST = "$(BUILT_PRODUCTS_DIR)/MoJob.app/Contents/MacOS/MoJob";
			};
			name = Release;
		};
		E82117BA220E07B3003D7578 /* Debug */ = {
			isa = XCBuildConfiguration;
			baseConfigurationReference = 2627229A5BFC850C21B31561 /* Pods-MoJobUITests.debug.xcconfig */;
			buildSettings = {
				ALWAYS_EMBED_SWIFT_STANDARD_LIBRARIES = YES;
				CODE_SIGN_STYLE = Automatic;
				COMBINE_HIDPI_IMAGES = YES;
				DEVELOPMENT_TEAM = CYSY859JZ8;
				INFOPLIST_FILE = MoJobUITests/Info.plist;
				LD_RUNPATH_SEARCH_PATHS = (
					"$(inherited)",
					"@executable_path/../Frameworks",
					"@loader_path/../Frameworks",
				);
				PRODUCT_BUNDLE_IDENTIFIER = de.martinschneider.MoJobUITests;
				PRODUCT_NAME = "$(TARGET_NAME)";
				SWIFT_VERSION = 4.2;
				TEST_TARGET_NAME = MoJob;
			};
			name = Debug;
		};
		E82117BB220E07B3003D7578 /* Release */ = {
			isa = XCBuildConfiguration;
			baseConfigurationReference = 4005EFA326A0EA4C79840F4B /* Pods-MoJobUITests.release.xcconfig */;
			buildSettings = {
				ALWAYS_EMBED_SWIFT_STANDARD_LIBRARIES = YES;
				CODE_SIGN_STYLE = Automatic;
				COMBINE_HIDPI_IMAGES = YES;
				DEVELOPMENT_TEAM = CYSY859JZ8;
				INFOPLIST_FILE = MoJobUITests/Info.plist;
				LD_RUNPATH_SEARCH_PATHS = (
					"$(inherited)",
					"@executable_path/../Frameworks",
					"@loader_path/../Frameworks",
				);
				PRODUCT_BUNDLE_IDENTIFIER = de.martinschneider.MoJobUITests;
				PRODUCT_NAME = "$(TARGET_NAME)";
				SWIFT_VERSION = 4.2;
				TEST_TARGET_NAME = MoJob;
			};
			name = Release;
		};
		E8AA8CB822F890540017698F /* Debug */ = {
			isa = XCBuildConfiguration;
			buildSettings = {
				ASSETCATALOG_COMPILER_APPICON_NAME = AppIcon;
				CODE_SIGN_ENTITLEMENTS = AutoLaunchHelper/AutoLaunchHelper.entitlements;
				CODE_SIGN_STYLE = Automatic;
				COMBINE_HIDPI_IMAGES = YES;
				DEVELOPMENT_TEAM = CYSY859JZ8;
				INFOPLIST_FILE = AutoLaunchHelper/Info.plist;
				LD_RUNPATH_SEARCH_PATHS = (
					"$(inherited)",
					"@executable_path/../Frameworks",
				);
				MACOSX_DEPLOYMENT_TARGET = 10.14;
				PRODUCT_BUNDLE_IDENTIFIER = de.martinschneider.AutoLaunchHelper;
				PRODUCT_NAME = "$(TARGET_NAME)";
				SKIP_INSTALL = YES;
				SWIFT_VERSION = 5.0;
			};
			name = Debug;
		};
		E8AA8CB922F890540017698F /* Release */ = {
			isa = XCBuildConfiguration;
			buildSettings = {
				ASSETCATALOG_COMPILER_APPICON_NAME = AppIcon;
				CODE_SIGN_ENTITLEMENTS = AutoLaunchHelper/AutoLaunchHelper.entitlements;
				CODE_SIGN_STYLE = Automatic;
				COMBINE_HIDPI_IMAGES = YES;
				DEVELOPMENT_TEAM = CYSY859JZ8;
				INFOPLIST_FILE = AutoLaunchHelper/Info.plist;
				LD_RUNPATH_SEARCH_PATHS = (
					"$(inherited)",
					"@executable_path/../Frameworks",
				);
				MACOSX_DEPLOYMENT_TARGET = 10.14;
				PRODUCT_BUNDLE_IDENTIFIER = de.martinschneider.AutoLaunchHelper;
				PRODUCT_NAME = "$(TARGET_NAME)";
				SKIP_INSTALL = YES;
				SWIFT_VERSION = 5.0;
			};
			name = Release;
		};
/* End XCBuildConfiguration section */

/* Begin XCConfigurationList section */
		E8211787220E07B1003D7578 /* Build configuration list for PBXProject "MoJob" */ = {
			isa = XCConfigurationList;
			buildConfigurations = (
				E82117B1220E07B3003D7578 /* Debug */,
				E82117B2220E07B3003D7578 /* Release */,
			);
			defaultConfigurationIsVisible = 0;
			defaultConfigurationName = Release;
		};
		E82117B3220E07B3003D7578 /* Build configuration list for PBXNativeTarget "MoJob" */ = {
			isa = XCConfigurationList;
			buildConfigurations = (
				E82117B4220E07B3003D7578 /* Debug */,
				E82117B5220E07B3003D7578 /* Release */,
			);
			defaultConfigurationIsVisible = 0;
			defaultConfigurationName = Release;
		};
		E82117B6220E07B3003D7578 /* Build configuration list for PBXNativeTarget "MoJobTests" */ = {
			isa = XCConfigurationList;
			buildConfigurations = (
				E82117B7220E07B3003D7578 /* Debug */,
				E82117B8220E07B3003D7578 /* Release */,
			);
			defaultConfigurationIsVisible = 0;
			defaultConfigurationName = Release;
		};
		E82117B9220E07B3003D7578 /* Build configuration list for PBXNativeTarget "MoJobUITests" */ = {
			isa = XCConfigurationList;
			buildConfigurations = (
				E82117BA220E07B3003D7578 /* Debug */,
				E82117BB220E07B3003D7578 /* Release */,
			);
			defaultConfigurationIsVisible = 0;
			defaultConfigurationName = Release;
		};
		E8AA8CBA22F890540017698F /* Build configuration list for PBXNativeTarget "AutoLaunchHelper" */ = {
			isa = XCConfigurationList;
			buildConfigurations = (
				E8AA8CB822F890540017698F /* Debug */,
				E8AA8CB922F890540017698F /* Release */,
			);
			defaultConfigurationIsVisible = 0;
			defaultConfigurationName = Release;
		};
/* End XCConfigurationList section */

/* Begin XCVersionGroup section */
		E8211791220E07B1003D7578 /* MoJob.xcdatamodeld */ = {
			isa = XCVersionGroup;
			children = (
				E8D35A0F22FF530F0014AFE4 /* MoJob_002.xcdatamodel */,
				E8211792220E07B1003D7578 /* MoJob.xcdatamodel */,
			);
			currentVersion = E8D35A0F22FF530F0014AFE4 /* MoJob_002.xcdatamodel */;
			path = MoJob.xcdatamodeld;
			sourceTree = "<group>";
			versionGroupType = wrapper.xcdatamodel;
		};
/* End XCVersionGroup section */
	};
	rootObject = E8211784220E07B1003D7578 /* Project object */;
}
